{
    "version": 3,
    "terraform_version": "0.11.9",
    "serial": 114,
    "lineage": "8cbc1dfc-9a06-477d-5368-40142345dfc5",
    "modules": [
        {
            "path": [
                "root"
            ],
            "outputs": {},
            "resources": {
                "data.http.aalferov_keys": {
                    "type": "http",
                    "depends_on": [],
                    "primary": {
                        "id": "2018-10-24 15:22:26.042043795 +0000 UTC",
                        "attributes": {
                            "body": "ssh-rsa AAAAB3NzaC1yc2EAAAADAQABAAABAQC7DMqqGDVhPftHBnAQeW4jl3mhk/poZqbyJsHvNQlVZCt8wNEiBLYGnVNY6SKx1aIODNdOTEnGVKBl93Hx4Ag0tGTGCAHdf1a7rnKIBRfvI6n6eh3viZvk1tP5bfppptmNvaKVEccGfoNEs5xFyd5XxqiqsIQHdJIkbDCPTKxGXE3/12IhwVVRCal2PB/O+Jtq3EINepMOwvcCIN8bMUZMUYHQbfBbCDI390SVupAURt2dPY9GD6/jgIl36ZQgMxSCiAzrG2CwauZjTayCY7YAyGmv8O4lM4qkwry4kC0rQJ7pXr0nTvFuGpb9RFff87QCcB1A4gRS49BoukddtWRf\n",
                            "id": "2018-10-24 15:22:26.042043795 +0000 UTC",
                            "url": "https://github.com/aialferov.keys"
                        },
                        "meta": {},
                        "tainted": false
                    },
                    "deposed": [],
                    "provider": "provider.http"
                },
                "data.ignition_config.config.0": {
                    "type": "ignition_config",
                    "depends_on": [
                        "data.ignition_file.hostname.*",
                        "data.ignition_file.hosts.*",
                        "data.ignition_networkd_unit.iface.*",
                        "data.ignition_user.core"
                    ],
                    "primary": {
                        "id": "9751287299c34de36b0be0a463a949a5e7fc207edca8425588e3639822aaa5ac",
                        "attributes": {
                            "files.#": "2",
                            "files.0": "c402f8720835a5edcc38b88d0a09a56ed44e73a48a1b397ac6caa0f0a955c7b1",
                            "files.1": "024336cc43b915c650f0900a6e8ef480cc74ca8fbd2f7f3b2191e7a4adb0470e",
                            "id": "9751287299c34de36b0be0a463a949a5e7fc207edca8425588e3639822aaa5ac",
                            "networkd.#": "1",
                            "networkd.0": "8978c9082ffd20209f62128db48585943367fd94f6f71ee1a06368900159ff33",
                            "rendered": "{\n    \"ignition\": {\n      \"config\": {},\n      \"timeouts\": {},\n      \"version\": \"2.1.0\"\n    },\n    \"networkd\": {\n      \"units\": [\n        {\n          \"contents\": \"[Match]\\nName=ens192\\n[Network]\\nDNS=8.8.8.8\\nAddress=172.20.16.141\\nNetmask=24\\nGateway=172.20.16.1\\n\",\n          \"name\": \"00-ens192.network\"\n        }\n      ]\n    },\n    \"passwd\": {\n      \"users\": [\n        {\n          \"name\": \"core\",\n          \"passwordHash\": \"$1$4HeHmKEH$tiRQnP122R228tcmLrhbQ1\",\n          \"sshAuthorizedKeys\": [\n            \"ssh-rsa AAAAB3NzaC1yc2EAAAADAQABAAABAQC7DMqqGDVhPftHBnAQeW4jl3mhk/poZqbyJsHvNQlVZCt8wNEiBLYGnVNY6SKx1aIODNdOTEnGVKBl93Hx4Ag0tGTGCAHdf1a7rnKIBRfvI6n6eh3viZvk1tP5bfppptmNvaKVEccGfoNEs5xFyd5XxqiqsIQHdJIkbDCPTKxGXE3/12IhwVVRCal2PB/O+Jtq3EINepMOwvcCIN8bMUZMUYHQbfBbCDI390SVupAURt2dPY9GD6/jgIl36ZQgMxSCiAzrG2CwauZjTayCY7YAyGmv8O4lM4qkwry4kC0rQJ7pXr0nTvFuGpb9RFff87QCcB1A4gRS49BoukddtWRf\"\n          ]\n        }\n      ]\n    },\n    \"storage\": {\n      \"files\": [\n        {\n          \"filesystem\": \"root\",\n          \"group\": {},\n          \"path\": \"/etc/hosts\",\n          \"user\": {},\n          \"contents\": {\n            \"source\": \"data:text/plain;charset=utf-8;base64,MTI3LjAuMC4xICAgICAgbG9jYWxob3N0Cjo6MSAgICAgICAgICAgIGxvY2FsaG9zdAoxMjcuMC4wLjEgICAgICBtYXN0ZXItMDEuY2VubnNvbmljLTAxLnRwbWQtMDEuZXUudHBpcC5uZXQKMTI3LjAuMC4xICAgICAgazhzLmNlbm5zb25pYy0wMS50cG1kLTAxLmV1LnRwaXAubmV0Cg==\",\n            \"verification\": {}\n          },\n          \"mode\": 420\n        },\n        {\n          \"filesystem\": \"root\",\n          \"group\": {},\n          \"path\": \"/etc/hostname\",\n          \"user\": {},\n          \"contents\": {\n            \"source\": \"data:text/plain;charset=utf-8;base64,bWFzdGVyLTAxLmNlbm5zb25pYy0wMS50cG1kLTAxLmV1LnRwaXAubmV0Cg==\",\n            \"verification\": {}\n          },\n          \"mode\": 420\n        }\n      ]\n    },\n    \"systemd\": {}\n  }",
                            "users.#": "1",
                            "users.0": "ae27c1ea5756fd359af600bfb5fdce5f001547d78f28ef6244f05241e6217bd3"
                        },
                        "meta": {},
                        "tainted": false
                    },
                    "deposed": [],
                    "provider": "provider.ignition"
                },
                "data.ignition_config.config.1": {
                    "type": "ignition_config",
                    "depends_on": [
                        "data.ignition_file.hostname.*",
                        "data.ignition_file.hosts.*",
                        "data.ignition_networkd_unit.iface.*",
                        "data.ignition_user.core"
                    ],
                    "primary": {
                        "id": "cd405eae0d8711da819349aa6611a9afb00481fe4491d117c573b85f7f1ae266",
                        "attributes": {
                            "files.#": "2",
                            "files.0": "ef7379ae12d2bc8047ca8fda39aa02afa50e63850ba48d302daab108c15736e2",
                            "files.1": "898a21689b998e5c2466e8dc744dcf9d7edfc5d27851f508ddab79357e3d94ab",
                            "id": "cd405eae0d8711da819349aa6611a9afb00481fe4491d117c573b85f7f1ae266",
                            "networkd.#": "1",
                            "networkd.0": "a5f81882a7fcc6b1107a83be5efe642b6239951c03f282391f722dfbfa88c821",
                            "rendered": "{\n    \"ignition\": {\n      \"config\": {},\n      \"timeouts\": {},\n      \"version\": \"2.1.0\"\n    },\n    \"networkd\": {\n      \"units\": [\n        {\n          \"contents\": \"[Match]\\nName=ens192\\n[Network]\\nDNS=8.8.8.8\\nAddress=172.20.16.142\\nNetmask=24\\nGateway=172.20.16.1\\n\",\n          \"name\": \"00-ens192.network\"\n        }\n      ]\n    },\n    \"passwd\": {\n      \"users\": [\n        {\n          \"name\": \"core\",\n          \"passwordHash\": \"$1$4HeHmKEH$tiRQnP122R228tcmLrhbQ1\",\n          \"sshAuthorizedKeys\": [\n            \"ssh-rsa AAAAB3NzaC1yc2EAAAADAQABAAABAQC7DMqqGDVhPftHBnAQeW4jl3mhk/poZqbyJsHvNQlVZCt8wNEiBLYGnVNY6SKx1aIODNdOTEnGVKBl93Hx4Ag0tGTGCAHdf1a7rnKIBRfvI6n6eh3viZvk1tP5bfppptmNvaKVEccGfoNEs5xFyd5XxqiqsIQHdJIkbDCPTKxGXE3/12IhwVVRCal2PB/O+Jtq3EINepMOwvcCIN8bMUZMUYHQbfBbCDI390SVupAURt2dPY9GD6/jgIl36ZQgMxSCiAzrG2CwauZjTayCY7YAyGmv8O4lM4qkwry4kC0rQJ7pXr0nTvFuGpb9RFff87QCcB1A4gRS49BoukddtWRf\"\n          ]\n        }\n      ]\n    },\n    \"storage\": {\n      \"files\": [\n        {\n          \"filesystem\": \"root\",\n          \"group\": {},\n          \"path\": \"/etc/hosts\",\n          \"user\": {},\n          \"contents\": {\n            \"source\": \"data:text/plain;charset=utf-8;base64,MTI3LjAuMC4xICAgICAgbG9jYWxob3N0Cjo6MSAgICAgICAgICAgIGxvY2FsaG9zdAoxMjcuMC4wLjEgICAgICBtYXN0ZXItMDIuY2VubnNvbmljLTAxLnRwbWQtMDEuZXUudHBpcC5uZXQKMTI3LjAuMC4xICAgICAgazhzLmNlbm5zb25pYy0wMS50cG1kLTAxLmV1LnRwaXAubmV0Cg==\",\n            \"verification\": {}\n          },\n          \"mode\": 420\n        },\n        {\n          \"filesystem\": \"root\",\n          \"group\": {},\n          \"path\": \"/etc/hostname\",\n          \"user\": {},\n          \"contents\": {\n            \"source\": \"data:text/plain;charset=utf-8;base64,bWFzdGVyLTAyLmNlbm5zb25pYy0wMS50cG1kLTAxLmV1LnRwaXAubmV0Cg==\",\n            \"verification\": {}\n          },\n          \"mode\": 420\n        }\n      ]\n    },\n    \"systemd\": {}\n  }",
                            "users.#": "1",
                            "users.0": "ae27c1ea5756fd359af600bfb5fdce5f001547d78f28ef6244f05241e6217bd3"
                        },
                        "meta": {},
                        "tainted": false
                    },
                    "deposed": [],
                    "provider": "provider.ignition"
                },
                "data.ignition_config.config.2": {
                    "type": "ignition_config",
                    "depends_on": [
                        "data.ignition_file.hostname.*",
                        "data.ignition_file.hosts.*",
                        "data.ignition_networkd_unit.iface.*",
                        "data.ignition_user.core"
                    ],
                    "primary": {
                        "id": "d44b91499c410ceaded3de69b7fd0b6046481e2a891b7a362fd48313efe2f40e",
                        "attributes": {
                            "files.#": "2",
                            "files.0": "0c9ce44be0017f2a158e6fa6a2df80711af215965d974b0bd4e7073f004c29c0",
                            "files.1": "ea4c6e5c1766ea4d072dcd2b6a150a8abcd5a0f8634e83cbfda745827eeff03a",
                            "id": "d44b91499c410ceaded3de69b7fd0b6046481e2a891b7a362fd48313efe2f40e",
                            "networkd.#": "1",
                            "networkd.0": "7432772e179f527db25622353918d65d4c89d6da00a5b0b68a499660959c5b57",
                            "rendered": "{\n    \"ignition\": {\n      \"config\": {},\n      \"timeouts\": {},\n      \"version\": \"2.1.0\"\n    },\n    \"networkd\": {\n      \"units\": [\n        {\n          \"contents\": \"[Match]\\nName=ens192\\n[Network]\\nDNS=8.8.8.8\\nAddress=172.20.16.143\\nNetmask=24\\nGateway=172.20.16.1\\n\",\n          \"name\": \"00-ens192.network\"\n        }\n      ]\n    },\n    \"passwd\": {\n      \"users\": [\n        {\n          \"name\": \"core\",\n          \"passwordHash\": \"$1$4HeHmKEH$tiRQnP122R228tcmLrhbQ1\",\n          \"sshAuthorizedKeys\": [\n            \"ssh-rsa AAAAB3NzaC1yc2EAAAADAQABAAABAQC7DMqqGDVhPftHBnAQeW4jl3mhk/poZqbyJsHvNQlVZCt8wNEiBLYGnVNY6SKx1aIODNdOTEnGVKBl93Hx4Ag0tGTGCAHdf1a7rnKIBRfvI6n6eh3viZvk1tP5bfppptmNvaKVEccGfoNEs5xFyd5XxqiqsIQHdJIkbDCPTKxGXE3/12IhwVVRCal2PB/O+Jtq3EINepMOwvcCIN8bMUZMUYHQbfBbCDI390SVupAURt2dPY9GD6/jgIl36ZQgMxSCiAzrG2CwauZjTayCY7YAyGmv8O4lM4qkwry4kC0rQJ7pXr0nTvFuGpb9RFff87QCcB1A4gRS49BoukddtWRf\"\n          ]\n        }\n      ]\n    },\n    \"storage\": {\n      \"files\": [\n        {\n          \"filesystem\": \"root\",\n          \"group\": {},\n          \"path\": \"/etc/hosts\",\n          \"user\": {},\n          \"contents\": {\n            \"source\": \"data:text/plain;charset=utf-8;base64,MTI3LjAuMC4xICAgICAgbG9jYWxob3N0Cjo6MSAgICAgICAgICAgIGxvY2FsaG9zdAoxMjcuMC4wLjEgICAgICBtYXN0ZXItMDMuY2VubnNvbmljLTAxLnRwbWQtMDEuZXUudHBpcC5uZXQKMTI3LjAuMC4xICAgICAgazhzLmNlbm5zb25pYy0wMS50cG1kLTAxLmV1LnRwaXAubmV0Cg==\",\n            \"verification\": {}\n          },\n          \"mode\": 420\n        },\n        {\n          \"filesystem\": \"root\",\n          \"group\": {},\n          \"path\": \"/etc/hostname\",\n          \"user\": {},\n          \"contents\": {\n            \"source\": \"data:text/plain;charset=utf-8;base64,bWFzdGVyLTAzLmNlbm5zb25pYy0wMS50cG1kLTAxLmV1LnRwaXAubmV0Cg==\",\n            \"verification\": {}\n          },\n          \"mode\": 420\n        }\n      ]\n    },\n    \"systemd\": {}\n  }",
                            "users.#": "1",
                            "users.0": "ae27c1ea5756fd359af600bfb5fdce5f001547d78f28ef6244f05241e6217bd3"
                        },
                        "meta": {},
                        "tainted": false
                    },
                    "deposed": [],
                    "provider": "provider.ignition"
                },
                "data.ignition_config.config.3": {
                    "type": "ignition_config",
                    "depends_on": [
                        "data.ignition_file.hostname.*",
                        "data.ignition_file.hosts.*",
                        "data.ignition_networkd_unit.iface.*",
                        "data.ignition_user.core"
                    ],
                    "primary": {
                        "id": "8f99bc6ce61e96d04265e4997632787c4fc10f26ebeefdd26474d345973d7d4d",
                        "attributes": {
                            "files.#": "2",
                            "files.0": "cf1eebdf34be4cf1ddc0600bfec4c9223e7c63b296f183796f7fc5d62fbd758a",
                            "files.1": "fa2511cf5322c1e2401a87d44fd2b08e5e9ad522c822dd338a70585b90f8b9a0",
                            "id": "8f99bc6ce61e96d04265e4997632787c4fc10f26ebeefdd26474d345973d7d4d",
                            "networkd.#": "1",
                            "networkd.0": "e23a462c1d616900cd11c1ed87001124e9afb7054b8eda0e2cf3557f8a188563",
                            "rendered": "{\n    \"ignition\": {\n      \"config\": {},\n      \"timeouts\": {},\n      \"version\": \"2.1.0\"\n    },\n    \"networkd\": {\n      \"units\": [\n        {\n          \"contents\": \"[Match]\\nName=ens192\\n[Network]\\nDNS=8.8.8.8\\nAddress=172.20.16.144\\nNetmask=24\\nGateway=172.20.16.1\\n\",\n          \"name\": \"00-ens192.network\"\n        }\n      ]\n    },\n    \"passwd\": {\n      \"users\": [\n        {\n          \"name\": \"core\",\n          \"passwordHash\": \"$1$4HeHmKEH$tiRQnP122R228tcmLrhbQ1\",\n          \"sshAuthorizedKeys\": [\n            \"ssh-rsa AAAAB3NzaC1yc2EAAAADAQABAAABAQC7DMqqGDVhPftHBnAQeW4jl3mhk/poZqbyJsHvNQlVZCt8wNEiBLYGnVNY6SKx1aIODNdOTEnGVKBl93Hx4Ag0tGTGCAHdf1a7rnKIBRfvI6n6eh3viZvk1tP5bfppptmNvaKVEccGfoNEs5xFyd5XxqiqsIQHdJIkbDCPTKxGXE3/12IhwVVRCal2PB/O+Jtq3EINepMOwvcCIN8bMUZMUYHQbfBbCDI390SVupAURt2dPY9GD6/jgIl36ZQgMxSCiAzrG2CwauZjTayCY7YAyGmv8O4lM4qkwry4kC0rQJ7pXr0nTvFuGpb9RFff87QCcB1A4gRS49BoukddtWRf\"\n          ]\n        }\n      ]\n    },\n    \"storage\": {\n      \"files\": [\n        {\n          \"filesystem\": \"root\",\n          \"group\": {},\n          \"path\": \"/etc/hosts\",\n          \"user\": {},\n          \"contents\": {\n            \"source\": \"data:text/plain;charset=utf-8;base64,MTI3LjAuMC4xICAgICAgbG9jYWxob3N0Cjo6MSAgICAgICAgICAgIGxvY2FsaG9zdAoxMjcuMC4wLjEgICAgICB3b3JrZXItMDEuY2VubnNvbmljLTAxLnRwbWQtMDEuZXUudHBpcC5uZXQKMTI3LjAuMC4xICAgICAgazhzLmNlbm5zb25pYy0wMS50cG1kLTAxLmV1LnRwaXAubmV0Cg==\",\n            \"verification\": {}\n          },\n          \"mode\": 420\n        },\n        {\n          \"filesystem\": \"root\",\n          \"group\": {},\n          \"path\": \"/etc/hostname\",\n          \"user\": {},\n          \"contents\": {\n            \"source\": \"data:text/plain;charset=utf-8;base64,d29ya2VyLTAxLmNlbm5zb25pYy0wMS50cG1kLTAxLmV1LnRwaXAubmV0Cg==\",\n            \"verification\": {}\n          },\n          \"mode\": 420\n        }\n      ]\n    },\n    \"systemd\": {}\n  }",
                            "users.#": "1",
                            "users.0": "ae27c1ea5756fd359af600bfb5fdce5f001547d78f28ef6244f05241e6217bd3"
                        },
                        "meta": {},
                        "tainted": false
                    },
                    "deposed": [],
                    "provider": "provider.ignition"
                },
                "data.ignition_config.config.4": {
                    "type": "ignition_config",
                    "depends_on": [
                        "data.ignition_file.hostname.*",
                        "data.ignition_file.hosts.*",
                        "data.ignition_networkd_unit.iface.*",
                        "data.ignition_user.core"
                    ],
                    "primary": {
                        "id": "639817a5def3b943df572a5c335ffa4d43cbcc0cd379cd92eaa77afa7dfccd6a",
                        "attributes": {
                            "files.#": "2",
                            "files.0": "b1213b9b368ca21ea679e0356f19d941899480cb52830f680a2aac4fae9430da",
                            "files.1": "030dc55c91f2d994149af0c494287fb79c5971fc23e81a926a9e8131e92c1b04",
                            "id": "639817a5def3b943df572a5c335ffa4d43cbcc0cd379cd92eaa77afa7dfccd6a",
                            "networkd.#": "1",
                            "networkd.0": "bce489deae0eada346367d667a5f61fb2f957192c40da6a69001bf492e8183f4",
                            "rendered": "{\n    \"ignition\": {\n      \"config\": {},\n      \"timeouts\": {},\n      \"version\": \"2.1.0\"\n    },\n    \"networkd\": {\n      \"units\": [\n        {\n          \"contents\": \"[Match]\\nName=ens192\\n[Network]\\nDNS=8.8.8.8\\nAddress=172.20.16.145\\nNetmask=24\\nGateway=172.20.16.1\\n\",\n          \"name\": \"00-ens192.network\"\n        }\n      ]\n    },\n    \"passwd\": {\n      \"users\": [\n        {\n          \"name\": \"core\",\n          \"passwordHash\": \"$1$4HeHmKEH$tiRQnP122R228tcmLrhbQ1\",\n          \"sshAuthorizedKeys\": [\n            \"ssh-rsa AAAAB3NzaC1yc2EAAAADAQABAAABAQC7DMqqGDVhPftHBnAQeW4jl3mhk/poZqbyJsHvNQlVZCt8wNEiBLYGnVNY6SKx1aIODNdOTEnGVKBl93Hx4Ag0tGTGCAHdf1a7rnKIBRfvI6n6eh3viZvk1tP5bfppptmNvaKVEccGfoNEs5xFyd5XxqiqsIQHdJIkbDCPTKxGXE3/12IhwVVRCal2PB/O+Jtq3EINepMOwvcCIN8bMUZMUYHQbfBbCDI390SVupAURt2dPY9GD6/jgIl36ZQgMxSCiAzrG2CwauZjTayCY7YAyGmv8O4lM4qkwry4kC0rQJ7pXr0nTvFuGpb9RFff87QCcB1A4gRS49BoukddtWRf\"\n          ]\n        }\n      ]\n    },\n    \"storage\": {\n      \"files\": [\n        {\n          \"filesystem\": \"root\",\n          \"group\": {},\n          \"path\": \"/etc/hosts\",\n          \"user\": {},\n          \"contents\": {\n            \"source\": \"data:text/plain;charset=utf-8;base64,MTI3LjAuMC4xICAgICAgbG9jYWxob3N0Cjo6MSAgICAgICAgICAgIGxvY2FsaG9zdAoxMjcuMC4wLjEgICAgICB3b3JrZXItMDIuY2VubnNvbmljLTAxLnRwbWQtMDEuZXUudHBpcC5uZXQKMTI3LjAuMC4xICAgICAgazhzLmNlbm5zb25pYy0wMS50cG1kLTAxLmV1LnRwaXAubmV0Cg==\",\n            \"verification\": {}\n          },\n          \"mode\": 420\n        },\n        {\n          \"filesystem\": \"root\",\n          \"group\": {},\n          \"path\": \"/etc/hostname\",\n          \"user\": {},\n          \"contents\": {\n            \"source\": \"data:text/plain;charset=utf-8;base64,d29ya2VyLTAyLmNlbm5zb25pYy0wMS50cG1kLTAxLmV1LnRwaXAubmV0Cg==\",\n            \"verification\": {}\n          },\n          \"mode\": 420\n        }\n      ]\n    },\n    \"systemd\": {}\n  }",
                            "users.#": "1",
                            "users.0": "ae27c1ea5756fd359af600bfb5fdce5f001547d78f28ef6244f05241e6217bd3"
                        },
                        "meta": {},
                        "tainted": false
                    },
                    "deposed": [],
                    "provider": "provider.ignition"
                },
                "data.ignition_config.config.5": {
                    "type": "ignition_config",
                    "depends_on": [
                        "data.ignition_file.hostname.*",
                        "data.ignition_file.hosts.*",
                        "data.ignition_networkd_unit.iface.*",
                        "data.ignition_user.core"
                    ],
                    "primary": {
                        "id": "0e387161b7ff50cfc2c9f5d20bcb5a52d2ea614c056f8d081b0b66180c0f6d51",
                        "attributes": {
                            "files.#": "2",
                            "files.0": "54630044970747dbf3481f753874e189ddddb5cc1ccf4126cad3b87a3d265cbd",
                            "files.1": "3da68c5782e96764a87e15a40965294e3492967d307b413cf160bda717060774",
                            "id": "0e387161b7ff50cfc2c9f5d20bcb5a52d2ea614c056f8d081b0b66180c0f6d51",
                            "networkd.#": "1",
                            "networkd.0": "bd629a3bb9fb01ff4f021e614c94a492e9bf304f6b3ee6ecc72ac94faa7197b0",
                            "rendered": "{\n    \"ignition\": {\n      \"config\": {},\n      \"timeouts\": {},\n      \"version\": \"2.1.0\"\n    },\n    \"networkd\": {\n      \"units\": [\n        {\n          \"contents\": \"[Match]\\nName=ens192\\n[Network]\\nDNS=8.8.8.8\\nAddress=172.20.16.146\\nNetmask=24\\nGateway=172.20.16.1\\n\",\n          \"name\": \"00-ens192.network\"\n        }\n      ]\n    },\n    \"passwd\": {\n      \"users\": [\n        {\n          \"name\": \"core\",\n          \"passwordHash\": \"$1$4HeHmKEH$tiRQnP122R228tcmLrhbQ1\",\n          \"sshAuthorizedKeys\": [\n            \"ssh-rsa AAAAB3NzaC1yc2EAAAADAQABAAABAQC7DMqqGDVhPftHBnAQeW4jl3mhk/poZqbyJsHvNQlVZCt8wNEiBLYGnVNY6SKx1aIODNdOTEnGVKBl93Hx4Ag0tGTGCAHdf1a7rnKIBRfvI6n6eh3viZvk1tP5bfppptmNvaKVEccGfoNEs5xFyd5XxqiqsIQHdJIkbDCPTKxGXE3/12IhwVVRCal2PB/O+Jtq3EINepMOwvcCIN8bMUZMUYHQbfBbCDI390SVupAURt2dPY9GD6/jgIl36ZQgMxSCiAzrG2CwauZjTayCY7YAyGmv8O4lM4qkwry4kC0rQJ7pXr0nTvFuGpb9RFff87QCcB1A4gRS49BoukddtWRf\"\n          ]\n        }\n      ]\n    },\n    \"storage\": {\n      \"files\": [\n        {\n          \"filesystem\": \"root\",\n          \"group\": {},\n          \"path\": \"/etc/hosts\",\n          \"user\": {},\n          \"contents\": {\n            \"source\": \"data:text/plain;charset=utf-8;base64,MTI3LjAuMC4xICAgICAgbG9jYWxob3N0Cjo6MSAgICAgICAgICAgIGxvY2FsaG9zdAoxMjcuMC4wLjEgICAgICB3b3JrZXItMDMuY2VubnNvbmljLTAxLnRwbWQtMDEuZXUudHBpcC5uZXQKMTI3LjAuMC4xICAgICAgazhzLmNlbm5zb25pYy0wMS50cG1kLTAxLmV1LnRwaXAubmV0Cg==\",\n            \"verification\": {}\n          },\n          \"mode\": 420\n        },\n        {\n          \"filesystem\": \"root\",\n          \"group\": {},\n          \"path\": \"/etc/hostname\",\n          \"user\": {},\n          \"contents\": {\n            \"source\": \"data:text/plain;charset=utf-8;base64,d29ya2VyLTAzLmNlbm5zb25pYy0wMS50cG1kLTAxLmV1LnRwaXAubmV0Cg==\",\n            \"verification\": {}\n          },\n          \"mode\": 420\n        }\n      ]\n    },\n    \"systemd\": {}\n  }",
                            "users.#": "1",
                            "users.0": "ae27c1ea5756fd359af600bfb5fdce5f001547d78f28ef6244f05241e6217bd3"
                        },
                        "meta": {},
                        "tainted": false
                    },
                    "deposed": [],
                    "provider": "provider.ignition"
                },
                "data.ignition_file.hostname.0": {
                    "type": "ignition_file",
                    "depends_on": [],
                    "primary": {
                        "id": "024336cc43b915c650f0900a6e8ef480cc74ca8fbd2f7f3b2191e7a4adb0470e",
                        "attributes": {
                            "content.#": "1",
                            "content.0.content": "master-01.cennsonic-01.tpmd-01.eu.tpip.net\n",
                            "content.0.mime": "text/plain",
                            "filesystem": "root",
                            "id": "024336cc43b915c650f0900a6e8ef480cc74ca8fbd2f7f3b2191e7a4adb0470e",
                            "mode": "420",
                            "path": "/etc/hostname"
                        },
                        "meta": {},
                        "tainted": false
                    },
                    "deposed": [],
                    "provider": "provider.ignition"
                },
                "data.ignition_file.hostname.1": {
                    "type": "ignition_file",
                    "depends_on": [],
                    "primary": {
                        "id": "898a21689b998e5c2466e8dc744dcf9d7edfc5d27851f508ddab79357e3d94ab",
                        "attributes": {
                            "content.#": "1",
                            "content.0.content": "master-02.cennsonic-01.tpmd-01.eu.tpip.net\n",
                            "content.0.mime": "text/plain",
                            "filesystem": "root",
                            "id": "898a21689b998e5c2466e8dc744dcf9d7edfc5d27851f508ddab79357e3d94ab",
                            "mode": "420",
                            "path": "/etc/hostname"
                        },
                        "meta": {},
                        "tainted": false
                    },
                    "deposed": [],
                    "provider": "provider.ignition"
                },
                "data.ignition_file.hostname.2": {
                    "type": "ignition_file",
                    "depends_on": [],
                    "primary": {
                        "id": "ea4c6e5c1766ea4d072dcd2b6a150a8abcd5a0f8634e83cbfda745827eeff03a",
                        "attributes": {
                            "content.#": "1",
                            "content.0.content": "master-03.cennsonic-01.tpmd-01.eu.tpip.net\n",
                            "content.0.mime": "text/plain",
                            "filesystem": "root",
                            "id": "ea4c6e5c1766ea4d072dcd2b6a150a8abcd5a0f8634e83cbfda745827eeff03a",
                            "mode": "420",
                            "path": "/etc/hostname"
                        },
                        "meta": {},
                        "tainted": false
                    },
                    "deposed": [],
                    "provider": "provider.ignition"
                },
                "data.ignition_file.hostname.3": {
                    "type": "ignition_file",
                    "depends_on": [],
                    "primary": {
                        "id": "fa2511cf5322c1e2401a87d44fd2b08e5e9ad522c822dd338a70585b90f8b9a0",
                        "attributes": {
                            "content.#": "1",
                            "content.0.content": "worker-01.cennsonic-01.tpmd-01.eu.tpip.net\n",
                            "content.0.mime": "text/plain",
                            "filesystem": "root",
                            "id": "fa2511cf5322c1e2401a87d44fd2b08e5e9ad522c822dd338a70585b90f8b9a0",
                            "mode": "420",
                            "path": "/etc/hostname"
                        },
                        "meta": {},
                        "tainted": false
                    },
                    "deposed": [],
                    "provider": "provider.ignition"
                },
                "data.ignition_file.hostname.4": {
                    "type": "ignition_file",
                    "depends_on": [],
                    "primary": {
                        "id": "030dc55c91f2d994149af0c494287fb79c5971fc23e81a926a9e8131e92c1b04",
                        "attributes": {
                            "content.#": "1",
                            "content.0.content": "worker-02.cennsonic-01.tpmd-01.eu.tpip.net\n",
                            "content.0.mime": "text/plain",
                            "filesystem": "root",
                            "id": "030dc55c91f2d994149af0c494287fb79c5971fc23e81a926a9e8131e92c1b04",
                            "mode": "420",
                            "path": "/etc/hostname"
                        },
                        "meta": {},
                        "tainted": false
                    },
                    "deposed": [],
                    "provider": "provider.ignition"
                },
                "data.ignition_file.hostname.5": {
                    "type": "ignition_file",
                    "depends_on": [],
                    "primary": {
                        "id": "3da68c5782e96764a87e15a40965294e3492967d307b413cf160bda717060774",
                        "attributes": {
                            "content.#": "1",
                            "content.0.content": "worker-03.cennsonic-01.tpmd-01.eu.tpip.net\n",
                            "content.0.mime": "text/plain",
                            "filesystem": "root",
                            "id": "3da68c5782e96764a87e15a40965294e3492967d307b413cf160bda717060774",
                            "mode": "420",
                            "path": "/etc/hostname"
                        },
                        "meta": {},
                        "tainted": false
                    },
                    "deposed": [],
                    "provider": "provider.ignition"
                },
                "data.ignition_file.hosts.0": {
                    "type": "ignition_file",
                    "depends_on": [],
                    "primary": {
                        "id": "c402f8720835a5edcc38b88d0a09a56ed44e73a48a1b397ac6caa0f0a955c7b1",
                        "attributes": {
                            "content.#": "1",
                            "content.0.content": "127.0.0.1      localhost\n::1            localhost\n127.0.0.1      master-01.cennsonic-01.tpmd-01.eu.tpip.net\n127.0.0.1      k8s.cennsonic-01.tpmd-01.eu.tpip.net\n",
                            "content.0.mime": "text/plain",
                            "filesystem": "root",
                            "id": "c402f8720835a5edcc38b88d0a09a56ed44e73a48a1b397ac6caa0f0a955c7b1",
                            "mode": "420",
                            "path": "/etc/hosts"
                        },
                        "meta": {},
                        "tainted": false
                    },
                    "deposed": [],
                    "provider": "provider.ignition"
                },
                "data.ignition_file.hosts.1": {
                    "type": "ignition_file",
                    "depends_on": [],
                    "primary": {
                        "id": "ef7379ae12d2bc8047ca8fda39aa02afa50e63850ba48d302daab108c15736e2",
                        "attributes": {
                            "content.#": "1",
                            "content.0.content": "127.0.0.1      localhost\n::1            localhost\n127.0.0.1      master-02.cennsonic-01.tpmd-01.eu.tpip.net\n127.0.0.1      k8s.cennsonic-01.tpmd-01.eu.tpip.net\n",
                            "content.0.mime": "text/plain",
                            "filesystem": "root",
                            "id": "ef7379ae12d2bc8047ca8fda39aa02afa50e63850ba48d302daab108c15736e2",
                            "mode": "420",
                            "path": "/etc/hosts"
                        },
                        "meta": {},
                        "tainted": false
                    },
                    "deposed": [],
                    "provider": "provider.ignition"
                },
                "data.ignition_file.hosts.2": {
                    "type": "ignition_file",
                    "depends_on": [],
                    "primary": {
                        "id": "0c9ce44be0017f2a158e6fa6a2df80711af215965d974b0bd4e7073f004c29c0",
                        "attributes": {
                            "content.#": "1",
                            "content.0.content": "127.0.0.1      localhost\n::1            localhost\n127.0.0.1      master-03.cennsonic-01.tpmd-01.eu.tpip.net\n127.0.0.1      k8s.cennsonic-01.tpmd-01.eu.tpip.net\n",
                            "content.0.mime": "text/plain",
                            "filesystem": "root",
                            "id": "0c9ce44be0017f2a158e6fa6a2df80711af215965d974b0bd4e7073f004c29c0",
                            "mode": "420",
                            "path": "/etc/hosts"
                        },
                        "meta": {},
                        "tainted": false
                    },
                    "deposed": [],
                    "provider": "provider.ignition"
                },
                "data.ignition_file.hosts.3": {
                    "type": "ignition_file",
                    "depends_on": [],
                    "primary": {
                        "id": "cf1eebdf34be4cf1ddc0600bfec4c9223e7c63b296f183796f7fc5d62fbd758a",
                        "attributes": {
                            "content.#": "1",
                            "content.0.content": "127.0.0.1      localhost\n::1            localhost\n127.0.0.1      worker-01.cennsonic-01.tpmd-01.eu.tpip.net\n127.0.0.1      k8s.cennsonic-01.tpmd-01.eu.tpip.net\n",
                            "content.0.mime": "text/plain",
                            "filesystem": "root",
                            "id": "cf1eebdf34be4cf1ddc0600bfec4c9223e7c63b296f183796f7fc5d62fbd758a",
                            "mode": "420",
                            "path": "/etc/hosts"
                        },
                        "meta": {},
                        "tainted": false
                    },
                    "deposed": [],
                    "provider": "provider.ignition"
                },
                "data.ignition_file.hosts.4": {
                    "type": "ignition_file",
                    "depends_on": [],
                    "primary": {
                        "id": "b1213b9b368ca21ea679e0356f19d941899480cb52830f680a2aac4fae9430da",
                        "attributes": {
                            "content.#": "1",
                            "content.0.content": "127.0.0.1      localhost\n::1            localhost\n127.0.0.1      worker-02.cennsonic-01.tpmd-01.eu.tpip.net\n127.0.0.1      k8s.cennsonic-01.tpmd-01.eu.tpip.net\n",
                            "content.0.mime": "text/plain",
                            "filesystem": "root",
                            "id": "b1213b9b368ca21ea679e0356f19d941899480cb52830f680a2aac4fae9430da",
                            "mode": "420",
                            "path": "/etc/hosts"
                        },
                        "meta": {},
                        "tainted": false
                    },
                    "deposed": [],
                    "provider": "provider.ignition"
                },
                "data.ignition_file.hosts.5": {
                    "type": "ignition_file",
                    "depends_on": [],
                    "primary": {
                        "id": "54630044970747dbf3481f753874e189ddddb5cc1ccf4126cad3b87a3d265cbd",
                        "attributes": {
                            "content.#": "1",
                            "content.0.content": "127.0.0.1      localhost\n::1            localhost\n127.0.0.1      worker-03.cennsonic-01.tpmd-01.eu.tpip.net\n127.0.0.1      k8s.cennsonic-01.tpmd-01.eu.tpip.net\n",
                            "content.0.mime": "text/plain",
                            "filesystem": "root",
                            "id": "54630044970747dbf3481f753874e189ddddb5cc1ccf4126cad3b87a3d265cbd",
                            "mode": "420",
                            "path": "/etc/hosts"
                        },
                        "meta": {},
                        "tainted": false
                    },
                    "deposed": [],
                    "provider": "provider.ignition"
                },
                "data.ignition_networkd_unit.iface.0": {
                    "type": "ignition_networkd_unit",
                    "depends_on": [],
                    "primary": {
                        "id": "8978c9082ffd20209f62128db48585943367fd94f6f71ee1a06368900159ff33",
                        "attributes": {
                            "content": "[Match]\nName=ens192\n[Network]\nDNS=8.8.8.8\nAddress=172.20.16.141\nNetmask=24\nGateway=172.20.16.1\n",
                            "id": "8978c9082ffd20209f62128db48585943367fd94f6f71ee1a06368900159ff33",
                            "name": "00-ens192.network"
                        },
                        "meta": {},
                        "tainted": false
                    },
                    "deposed": [],
                    "provider": "provider.ignition"
                },
                "data.ignition_networkd_unit.iface.1": {
                    "type": "ignition_networkd_unit",
                    "depends_on": [],
                    "primary": {
                        "id": "a5f81882a7fcc6b1107a83be5efe642b6239951c03f282391f722dfbfa88c821",
                        "attributes": {
                            "content": "[Match]\nName=ens192\n[Network]\nDNS=8.8.8.8\nAddress=172.20.16.142\nNetmask=24\nGateway=172.20.16.1\n",
                            "id": "a5f81882a7fcc6b1107a83be5efe642b6239951c03f282391f722dfbfa88c821",
                            "name": "00-ens192.network"
                        },
                        "meta": {},
                        "tainted": false
                    },
                    "deposed": [],
                    "provider": "provider.ignition"
                },
                "data.ignition_networkd_unit.iface.2": {
                    "type": "ignition_networkd_unit",
                    "depends_on": [],
                    "primary": {
                        "id": "7432772e179f527db25622353918d65d4c89d6da00a5b0b68a499660959c5b57",
                        "attributes": {
                            "content": "[Match]\nName=ens192\n[Network]\nDNS=8.8.8.8\nAddress=172.20.16.143\nNetmask=24\nGateway=172.20.16.1\n",
                            "id": "7432772e179f527db25622353918d65d4c89d6da00a5b0b68a499660959c5b57",
                            "name": "00-ens192.network"
                        },
                        "meta": {},
                        "tainted": false
                    },
                    "deposed": [],
                    "provider": "provider.ignition"
                },
                "data.ignition_networkd_unit.iface.3": {
                    "type": "ignition_networkd_unit",
                    "depends_on": [],
                    "primary": {
                        "id": "e23a462c1d616900cd11c1ed87001124e9afb7054b8eda0e2cf3557f8a188563",
                        "attributes": {
                            "content": "[Match]\nName=ens192\n[Network]\nDNS=8.8.8.8\nAddress=172.20.16.144\nNetmask=24\nGateway=172.20.16.1\n",
                            "id": "e23a462c1d616900cd11c1ed87001124e9afb7054b8eda0e2cf3557f8a188563",
                            "name": "00-ens192.network"
                        },
                        "meta": {},
                        "tainted": false
                    },
                    "deposed": [],
                    "provider": "provider.ignition"
                },
                "data.ignition_networkd_unit.iface.4": {
                    "type": "ignition_networkd_unit",
                    "depends_on": [],
                    "primary": {
                        "id": "bce489deae0eada346367d667a5f61fb2f957192c40da6a69001bf492e8183f4",
                        "attributes": {
                            "content": "[Match]\nName=ens192\n[Network]\nDNS=8.8.8.8\nAddress=172.20.16.145\nNetmask=24\nGateway=172.20.16.1\n",
                            "id": "bce489deae0eada346367d667a5f61fb2f957192c40da6a69001bf492e8183f4",
                            "name": "00-ens192.network"
                        },
                        "meta": {},
                        "tainted": false
                    },
                    "deposed": [],
                    "provider": "provider.ignition"
                },
                "data.ignition_networkd_unit.iface.5": {
                    "type": "ignition_networkd_unit",
                    "depends_on": [],
                    "primary": {
                        "id": "bd629a3bb9fb01ff4f021e614c94a492e9bf304f6b3ee6ecc72ac94faa7197b0",
                        "attributes": {
                            "content": "[Match]\nName=ens192\n[Network]\nDNS=8.8.8.8\nAddress=172.20.16.146\nNetmask=24\nGateway=172.20.16.1\n",
                            "id": "bd629a3bb9fb01ff4f021e614c94a492e9bf304f6b3ee6ecc72ac94faa7197b0",
                            "name": "00-ens192.network"
                        },
                        "meta": {},
                        "tainted": false
                    },
                    "deposed": [],
                    "provider": "provider.ignition"
                },
                "data.ignition_user.core": {
                    "type": "ignition_user",
                    "depends_on": [
                        "data.http.aalferov_keys"
                    ],
                    "primary": {
                        "id": "ae27c1ea5756fd359af600bfb5fdce5f001547d78f28ef6244f05241e6217bd3",
                        "attributes": {
                            "id": "ae27c1ea5756fd359af600bfb5fdce5f001547d78f28ef6244f05241e6217bd3",
                            "name": "core",
                            "password_hash": "$1$4HeHmKEH$tiRQnP122R228tcmLrhbQ1",
                            "ssh_authorized_keys.#": "1",
                            "ssh_authorized_keys.0": "ssh-rsa AAAAB3NzaC1yc2EAAAADAQABAAABAQC7DMqqGDVhPftHBnAQeW4jl3mhk/poZqbyJsHvNQlVZCt8wNEiBLYGnVNY6SKx1aIODNdOTEnGVKBl93Hx4Ag0tGTGCAHdf1a7rnKIBRfvI6n6eh3viZvk1tP5bfppptmNvaKVEccGfoNEs5xFyd5XxqiqsIQHdJIkbDCPTKxGXE3/12IhwVVRCal2PB/O+Jtq3EINepMOwvcCIN8bMUZMUYHQbfBbCDI390SVupAURt2dPY9GD6/jgIl36ZQgMxSCiAzrG2CwauZjTayCY7YAyGmv8O4lM4qkwry4kC0rQJ7pXr0nTvFuGpb9RFff87QCcB1A4gRS49BoukddtWRf"
                        },
                        "meta": {},
                        "tainted": false
                    },
                    "deposed": [],
                    "provider": "provider.ignition"
                },
                "data.vsphere_datacenter.dc": {
                    "type": "vsphere_datacenter",
                    "depends_on": [],
                    "primary": {
                        "id": "datacenter-21",
                        "attributes": {
                            "id": "datacenter-21",
                            "name": "tpmd-01.eu.tpip.net"
                        },
                        "meta": {},
                        "tainted": false
                    },
                    "deposed": [],
                    "provider": "provider.vsphere"
                },
                "data.vsphere_datastore.datastore": {
                    "type": "vsphere_datastore",
                    "depends_on": [
                        "data.vsphere_datacenter.dc"
                    ],
                    "primary": {
                        "id": "datastore-286",
                        "attributes": {
                            "datacenter_id": "datacenter-21",
                            "id": "datastore-286",
                            "name": "nas-03-hdd-01"
                        },
                        "meta": {},
                        "tainted": false
                    },
                    "deposed": [],
                    "provider": "provider.vsphere"
                },
                "data.vsphere_network.network": {
                    "type": "vsphere_network",
                    "depends_on": [
                        "data.vsphere_datacenter.dc"
                    ],
                    "primary": {
                        "id": "dvportgroup-48",
                        "attributes": {
                            "datacenter_id": "datacenter-21",
                            "id": "dvportgroup-48",
                            "name": "TPO Lab VLAN 16",
                            "type": "DistributedVirtualPortgroup"
                        },
                        "meta": {},
                        "tainted": false
                    },
                    "deposed": [],
                    "provider": "provider.vsphere"
                },
                "data.vsphere_resource_pool.pool": {
                    "type": "vsphere_resource_pool",
                    "depends_on": [
                        "data.vsphere_datacenter.dc"
                    ],
                    "primary": {
                        "id": "resgroup-307",
                        "attributes": {
                            "datacenter_id": "datacenter-21",
                            "id": "resgroup-307",
                            "name": "its-01.tpmd-01.eu.tpip.net/Resources"
                        },
                        "meta": {},
                        "tainted": false
                    },
                    "deposed": [],
                    "provider": "provider.vsphere"
                },
                "data.vsphere_virtual_machine.template": {
                    "type": "vsphere_virtual_machine",
                    "depends_on": [
                        "data.vsphere_datacenter.dc"
                    ],
                    "primary": {
                        "id": "4206a232-0181-82d9-24c6-3626ab39b5df",
                        "attributes": {
                            "alternate_guest_name": "",
                            "datacenter_id": "datacenter-21",
                            "disks.#": "1",
                            "disks.0.eagerly_scrub": "false",
                            "disks.0.size": "30",
                            "disks.0.thin_provisioned": "true",
                            "firmware": "bios",
                            "guest_id": "other26xLinux64Guest",
                            "id": "4206a232-0181-82d9-24c6-3626ab39b5df",
                            "name": "coreos_production_vmware_ova",
                            "network_interface_types.#": "1",
                            "network_interface_types.0": "vmxnet3",
                            "scsi_bus_sharing": "noSharing",
                            "scsi_controller_scan_count": "1",
                            "scsi_type": "pvscsi"
                        },
                        "meta": {},
                        "tainted": false
                    },
                    "deposed": [],
                    "provider": "provider.vsphere"
                },
                "vsphere_folder.folder": {
                    "type": "vsphere_folder",
                    "depends_on": [
                        "data.vsphere_datacenter.dc"
                    ],
                    "primary": {
                        "id": "group-v712",
                        "attributes": {
                            "custom_attributes.%": "0",
                            "datacenter_id": "datacenter-21",
                            "id": "group-v712",
                            "path": "cennsonic-01.tpmd-01.eu.tpip.net",
                            "tags.#": "0",
                            "type": "vm"
                        },
                        "meta": {
                            "schema_version": "1"
                        },
                        "tainted": false
                    },
                    "deposed": [],
                    "provider": "provider.vsphere"
                },
                "vsphere_virtual_machine.node.0": {
                    "type": "vsphere_virtual_machine",
                    "depends_on": [
                        "data.ignition_config.config.*",
                        "data.vsphere_datastore.datastore",
                        "data.vsphere_network.network",
                        "data.vsphere_resource_pool.pool",
                        "data.vsphere_virtual_machine.template",
                        "vsphere_folder.folder"
                    ],
                    "primary": {
                        "id": "42060058-fa91-0f33-04c4-d56a721cae63",
                        "attributes": {
                            "alternate_guest_name": "",
                            "annotation": "",
                            "boot_delay": "0",
                            "boot_retry_delay": "10000",
                            "boot_retry_enabled": "false",
                            "cdrom.#": "0",
                            "change_version": "2018-10-23T20:52:08.06002Z",
                            "clone.#": "1",
                            "clone.0.customize.#": "0",
                            "clone.0.linked_clone": "false",
                            "clone.0.template_uuid": "4206a232-0181-82d9-24c6-3626ab39b5df",
                            "clone.0.timeout": "30",
                            "cpu_hot_add_enabled": "false",
                            "cpu_hot_remove_enabled": "false",
                            "cpu_limit": "-1",
                            "cpu_performance_counters_enabled": "false",
                            "cpu_reservation": "0",
                            "cpu_share_count": "2000",
                            "cpu_share_level": "normal",
                            "custom_attributes.%": "0",
                            "datastore_id": "datastore-286",
                            "default_ip_address": "172.20.16.141",
                            "disk.#": "1",
                            "disk.0.attach": "false",
                            "disk.0.datastore_id": "datastore-286",
                            "disk.0.device_address": "scsi:0:0",
                            "disk.0.disk_mode": "persistent",
                            "disk.0.disk_sharing": "sharingNone",
                            "disk.0.eagerly_scrub": "false",
                            "disk.0.io_limit": "-1",
                            "disk.0.io_reservation": "0",
                            "disk.0.io_share_count": "1000",
                            "disk.0.io_share_level": "normal",
                            "disk.0.keep_on_remove": "false",
                            "disk.0.key": "2000",
                            "disk.0.label": "disk0",
                            "disk.0.name": "",
                            "disk.0.path": "master-01.cennsonic-01.tpmd-01.eu.tpip.net/master-01.cennsonic-01.tpmd-01.eu.tpip.net.vmdk",
                            "disk.0.size": "30",
                            "disk.0.thin_provisioned": "true",
                            "disk.0.unit_number": "0",
                            "disk.0.uuid": "6000C29c-8754-7bfd-8f3c-090f838a15d1",
                            "disk.0.write_through": "false",
                            "efi_secure_boot_enabled": "false",
                            "enable_disk_uuid": "false",
                            "enable_logging": "false",
                            "ept_rvi_mode": "automatic",
                            "extra_config.%": "2",
                            "extra_config.guestinfo.coreos.config.data": "ewogICAgImlnbml0aW9uIjogewogICAgICAiY29uZmlnIjoge30sCiAgICAgICJ0aW1lb3V0cyI6IHt9LAogICAgICAidmVyc2lvbiI6ICIyLjEuMCIKICAgIH0sCiAgICAibmV0d29ya2QiOiB7CiAgICAgICJ1bml0cyI6IFsKICAgICAgICB7CiAgICAgICAgICAiY29udGVudHMiOiAiW01hdGNoXVxuTmFtZT1lbnMxOTJcbltOZXR3b3JrXVxuRE5TPTguOC44LjhcbkFkZHJlc3M9MTcyLjIwLjE2LjE0MVxuTmV0bWFzaz0yNFxuR2F0ZXdheT0xNzIuMjAuMTYuMVxuIiwKICAgICAgICAgICJuYW1lIjogIjAwLWVuczE5Mi5uZXR3b3JrIgogICAgICAgIH0KICAgICAgXQogICAgfSwKICAgICJwYXNzd2QiOiB7CiAgICAgICJ1c2VycyI6IFsKICAgICAgICB7CiAgICAgICAgICAibmFtZSI6ICJjb3JlIiwKICAgICAgICAgICJwYXNzd29yZEhhc2giOiAiJDEkNEhlSG1LRUgkdGlSUW5QMTIyUjIyOHRjbUxyaGJRMSIsCiAgICAgICAgICAic3NoQXV0aG9yaXplZEtleXMiOiBbCiAgICAgICAgICAgICJzc2gtcnNhIEFBQUFCM056YUMxeWMyRUFBQUFEQVFBQkFBQUJBUUM3RE1xcUdEVmhQZnRIQm5BUWVXNGpsM21oay9wb1pxYnlKc0h2TlFsVlpDdDh3TkVpQkxZR25WTlk2U0t4MWFJT0ROZE9URW5HVktCbDkzSHg0QWcwdEdUR0NBSGRmMWE3cm5LSUJSZnZJNm42ZWgzdmladmsxdFA1YmZwcHB0bU52YUtWRWNjR2ZvTkVzNXhGeWQ1WHhxaXFzSVFIZEpJa2JEQ1BUS3hHWEUzLzEySWh3VlZSQ2FsMlBCL08rSnRxM0VJTmVwTU93dmNDSU44Yk1VWk1VWUhRYmZCYkNESTM5MFNWdXBBVVJ0MmRQWTlHRDYvamdJbDM2WlFnTXhTQ2lBenJHMkN3YXVaalRheUNZN1lBeUdtdjhPNGxNNHFrd3J5NGtDMHJRSjdwWHIwblR2RnVHcGI5UkZmZjg3UUNjQjFBNGdSUzQ5Qm91a2RkdFdSZiIKICAgICAgICAgIF0KICAgICAgICB9CiAgICAgIF0KICAgIH0sCiAgICAic3RvcmFnZSI6IHsKICAgICAgImZpbGVzIjogWwogICAgICAgIHsKICAgICAgICAgICJmaWxlc3lzdGVtIjogInJvb3QiLAogICAgICAgICAgImdyb3VwIjoge30sCiAgICAgICAgICAicGF0aCI6ICIvZXRjL2hvc3RzIiwKICAgICAgICAgICJ1c2VyIjoge30sCiAgICAgICAgICAiY29udGVudHMiOiB7CiAgICAgICAgICAgICJzb3VyY2UiOiAiZGF0YTp0ZXh0L3BsYWluO2NoYXJzZXQ9dXRmLTg7YmFzZTY0LE1USTNMakF1TUM0eElDQWdJQ0FnYkc5allXeG9iM04wQ2pvNk1TQWdJQ0FnSUNBZ0lDQWdJR3h2WTJGc2FHOXpkQW94TWpjdU1DNHdMakVnSUNBZ0lDQnRZWE4wWlhJdE1ERXVZMlZ1Ym5OdmJtbGpMVEF4TG5Sd2JXUXRNREV1WlhVdWRIQnBjQzV1WlhRS01USTNMakF1TUM0eElDQWdJQ0FnYXpoekxtTmxibTV6YjI1cFl5MHdNUzUwY0cxa0xUQXhMbVYxTG5Sd2FYQXVibVYwQ2c9PSIsCiAgICAgICAgICAgICJ2ZXJpZmljYXRpb24iOiB7fQogICAgICAgICAgfSwKICAgICAgICAgICJtb2RlIjogNDIwCiAgICAgICAgfSwKICAgICAgICB7CiAgICAgICAgICAiZmlsZXN5c3RlbSI6ICJyb290IiwKICAgICAgICAgICJncm91cCI6IHt9LAogICAgICAgICAgInBhdGgiOiAiL2V0Yy9ob3N0bmFtZSIsCiAgICAgICAgICAidXNlciI6IHt9LAogICAgICAgICAgImNvbnRlbnRzIjogewogICAgICAgICAgICAic291cmNlIjogImRhdGE6dGV4dC9wbGFpbjtjaGFyc2V0PXV0Zi04O2Jhc2U2NCxiV0Z6ZEdWeUxUQXhMbU5sYm01emIyNXBZeTB3TVM1MGNHMWtMVEF4TG1WMUxuUndhWEF1Ym1WMENnPT0iLAogICAgICAgICAgICAidmVyaWZpY2F0aW9uIjoge30KICAgICAgICAgIH0sCiAgICAgICAgICAibW9kZSI6IDQyMAogICAgICAgIH0KICAgICAgXQogICAgfSwKICAgICJzeXN0ZW1kIjoge30KICB9",
                            "extra_config.guestinfo.coreos.config.data.encoding": "base64",
                            "firmware": "bios",
                            "folder": "cennsonic-01.tpmd-01.eu.tpip.net",
                            "force_power_off": "true",
                            "guest_id": "other26xLinux64Guest",
                            "guest_ip_addresses.#": "5",
                            "guest_ip_addresses.0": "172.20.16.141",
                            "guest_ip_addresses.1": "fe80::ecee:eeff:feee:eeee",
                            "guest_ip_addresses.2": "2001:470:7720:16:250:56ff:fe86:934d",
                            "guest_ip_addresses.3": "fe80::250:56ff:fe86:934d",
                            "guest_ip_addresses.4": "fe80::ecee:eeff:feee:eeee",
                            "host_system_id": "host-284",
                            "hv_mode": "hvAuto",
                            "id": "42060058-fa91-0f33-04c4-d56a721cae63",
                            "latency_sensitivity": "normal",
                            "memory": "2048",
                            "memory_hot_add_enabled": "false",
                            "memory_limit": "-1",
                            "memory_reservation": "0",
                            "memory_share_count": "20480",
                            "memory_share_level": "normal",
                            "migrate_wait_timeout": "30",
                            "moid": "vm-739",
                            "name": "master-01.cennsonic-01.tpmd-01.eu.tpip.net",
                            "nested_hv_enabled": "false",
                            "network_interface.#": "1",
                            "network_interface.0.adapter_type": "vmxnet3",
                            "network_interface.0.bandwidth_limit": "-1",
                            "network_interface.0.bandwidth_reservation": "0",
                            "network_interface.0.bandwidth_share_count": "50",
                            "network_interface.0.bandwidth_share_level": "normal",
                            "network_interface.0.device_address": "pci:0:7",
                            "network_interface.0.key": "4000",
                            "network_interface.0.mac_address": "00:50:56:86:93:4d",
                            "network_interface.0.network_id": "dvportgroup-48",
                            "network_interface.0.use_static_mac": "false",
                            "num_cores_per_socket": "1",
                            "num_cpus": "2",
                            "reboot_required": "false",
                            "resource_pool_id": "resgroup-307",
                            "run_tools_scripts_after_power_on": "true",
                            "run_tools_scripts_after_resume": "true",
                            "run_tools_scripts_before_guest_reboot": "false",
                            "run_tools_scripts_before_guest_shutdown": "true",
                            "run_tools_scripts_before_guest_standby": "true",
                            "scsi_bus_sharing": "noSharing",
                            "scsi_controller_count": "1",
                            "scsi_type": "pvscsi",
                            "shutdown_wait_timeout": "3",
                            "swap_placement_policy": "inherit",
                            "sync_time_with_host": "false",
                            "tags.#": "0",
                            "uuid": "42060058-fa91-0f33-04c4-d56a721cae63",
                            "vapp_transport.#": "0",
                            "vmware_tools_status": "guestToolsRunning",
                            "vmx_path": "master-01.cennsonic-01.tpmd-01.eu.tpip.net/master-01.cennsonic-01.tpmd-01.eu.tpip.net.vmx",
                            "wait_for_guest_net_routable": "true",
                            "wait_for_guest_net_timeout": "5"
                        },
                        "meta": {
                            "schema_version": "3"
                        },
                        "tainted": false
                    },
                    "deposed": [],
                    "provider": "provider.vsphere"
                },
                "vsphere_virtual_machine.node.1": {
                    "type": "vsphere_virtual_machine",
                    "depends_on": [
                        "data.ignition_config.config.*",
                        "data.vsphere_datastore.datastore",
                        "data.vsphere_network.network",
                        "data.vsphere_resource_pool.pool",
                        "data.vsphere_virtual_machine.template",
                        "vsphere_folder.folder"
                    ],
                    "primary": {
                        "id": "4206b101-4185-6600-9b9c-fbc18d114c3c",
                        "attributes": {
                            "alternate_guest_name": "",
                            "annotation": "",
                            "boot_delay": "0",
                            "boot_retry_delay": "10000",
                            "boot_retry_enabled": "false",
                            "cdrom.#": "0",
                            "change_version": "2018-10-23T20:52:03.859987Z",
                            "clone.#": "1",
                            "clone.0.customize.#": "0",
                            "clone.0.linked_clone": "false",
                            "clone.0.template_uuid": "4206a232-0181-82d9-24c6-3626ab39b5df",
                            "clone.0.timeout": "30",
                            "cpu_hot_add_enabled": "false",
                            "cpu_hot_remove_enabled": "false",
                            "cpu_limit": "-1",
                            "cpu_performance_counters_enabled": "false",
                            "cpu_reservation": "0",
                            "cpu_share_count": "2000",
                            "cpu_share_level": "normal",
                            "custom_attributes.%": "0",
                            "datastore_id": "datastore-286",
                            "default_ip_address": "172.20.16.142",
                            "disk.#": "1",
                            "disk.0.attach": "false",
                            "disk.0.datastore_id": "datastore-286",
                            "disk.0.device_address": "scsi:0:0",
                            "disk.0.disk_mode": "persistent",
                            "disk.0.disk_sharing": "sharingNone",
                            "disk.0.eagerly_scrub": "false",
                            "disk.0.io_limit": "-1",
                            "disk.0.io_reservation": "0",
                            "disk.0.io_share_count": "1000",
                            "disk.0.io_share_level": "normal",
                            "disk.0.keep_on_remove": "false",
                            "disk.0.key": "2000",
                            "disk.0.label": "disk0",
                            "disk.0.name": "",
                            "disk.0.path": "master-02.cennsonic-01.tpmd-01.eu.tpip.net/master-02.cennsonic-01.tpmd-01.eu.tpip.net.vmdk",
                            "disk.0.size": "30",
                            "disk.0.thin_provisioned": "true",
                            "disk.0.unit_number": "0",
                            "disk.0.uuid": "6000C292-a7fe-886b-b88a-bb3d972b48c8",
                            "disk.0.write_through": "false",
                            "efi_secure_boot_enabled": "false",
                            "enable_disk_uuid": "false",
                            "enable_logging": "false",
                            "ept_rvi_mode": "automatic",
                            "extra_config.%": "2",
                            "extra_config.guestinfo.coreos.config.data": "ewogICAgImlnbml0aW9uIjogewogICAgICAiY29uZmlnIjoge30sCiAgICAgICJ0aW1lb3V0cyI6IHt9LAogICAgICAidmVyc2lvbiI6ICIyLjEuMCIKICAgIH0sCiAgICAibmV0d29ya2QiOiB7CiAgICAgICJ1bml0cyI6IFsKICAgICAgICB7CiAgICAgICAgICAiY29udGVudHMiOiAiW01hdGNoXVxuTmFtZT1lbnMxOTJcbltOZXR3b3JrXVxuRE5TPTguOC44LjhcbkFkZHJlc3M9MTcyLjIwLjE2LjE0MlxuTmV0bWFzaz0yNFxuR2F0ZXdheT0xNzIuMjAuMTYuMVxuIiwKICAgICAgICAgICJuYW1lIjogIjAwLWVuczE5Mi5uZXR3b3JrIgogICAgICAgIH0KICAgICAgXQogICAgfSwKICAgICJwYXNzd2QiOiB7CiAgICAgICJ1c2VycyI6IFsKICAgICAgICB7CiAgICAgICAgICAibmFtZSI6ICJjb3JlIiwKICAgICAgICAgICJwYXNzd29yZEhhc2giOiAiJDEkNEhlSG1LRUgkdGlSUW5QMTIyUjIyOHRjbUxyaGJRMSIsCiAgICAgICAgICAic3NoQXV0aG9yaXplZEtleXMiOiBbCiAgICAgICAgICAgICJzc2gtcnNhIEFBQUFCM056YUMxeWMyRUFBQUFEQVFBQkFBQUJBUUM3RE1xcUdEVmhQZnRIQm5BUWVXNGpsM21oay9wb1pxYnlKc0h2TlFsVlpDdDh3TkVpQkxZR25WTlk2U0t4MWFJT0ROZE9URW5HVktCbDkzSHg0QWcwdEdUR0NBSGRmMWE3cm5LSUJSZnZJNm42ZWgzdmladmsxdFA1YmZwcHB0bU52YUtWRWNjR2ZvTkVzNXhGeWQ1WHhxaXFzSVFIZEpJa2JEQ1BUS3hHWEUzLzEySWh3VlZSQ2FsMlBCL08rSnRxM0VJTmVwTU93dmNDSU44Yk1VWk1VWUhRYmZCYkNESTM5MFNWdXBBVVJ0MmRQWTlHRDYvamdJbDM2WlFnTXhTQ2lBenJHMkN3YXVaalRheUNZN1lBeUdtdjhPNGxNNHFrd3J5NGtDMHJRSjdwWHIwblR2RnVHcGI5UkZmZjg3UUNjQjFBNGdSUzQ5Qm91a2RkdFdSZiIKICAgICAgICAgIF0KICAgICAgICB9CiAgICAgIF0KICAgIH0sCiAgICAic3RvcmFnZSI6IHsKICAgICAgImZpbGVzIjogWwogICAgICAgIHsKICAgICAgICAgICJmaWxlc3lzdGVtIjogInJvb3QiLAogICAgICAgICAgImdyb3VwIjoge30sCiAgICAgICAgICAicGF0aCI6ICIvZXRjL2hvc3RzIiwKICAgICAgICAgICJ1c2VyIjoge30sCiAgICAgICAgICAiY29udGVudHMiOiB7CiAgICAgICAgICAgICJzb3VyY2UiOiAiZGF0YTp0ZXh0L3BsYWluO2NoYXJzZXQ9dXRmLTg7YmFzZTY0LE1USTNMakF1TUM0eElDQWdJQ0FnYkc5allXeG9iM04wQ2pvNk1TQWdJQ0FnSUNBZ0lDQWdJR3h2WTJGc2FHOXpkQW94TWpjdU1DNHdMakVnSUNBZ0lDQnRZWE4wWlhJdE1ESXVZMlZ1Ym5OdmJtbGpMVEF4TG5Sd2JXUXRNREV1WlhVdWRIQnBjQzV1WlhRS01USTNMakF1TUM0eElDQWdJQ0FnYXpoekxtTmxibTV6YjI1cFl5MHdNUzUwY0cxa0xUQXhMbVYxTG5Sd2FYQXVibVYwQ2c9PSIsCiAgICAgICAgICAgICJ2ZXJpZmljYXRpb24iOiB7fQogICAgICAgICAgfSwKICAgICAgICAgICJtb2RlIjogNDIwCiAgICAgICAgfSwKICAgICAgICB7CiAgICAgICAgICAiZmlsZXN5c3RlbSI6ICJyb290IiwKICAgICAgICAgICJncm91cCI6IHt9LAogICAgICAgICAgInBhdGgiOiAiL2V0Yy9ob3N0bmFtZSIsCiAgICAgICAgICAidXNlciI6IHt9LAogICAgICAgICAgImNvbnRlbnRzIjogewogICAgICAgICAgICAic291cmNlIjogImRhdGE6dGV4dC9wbGFpbjtjaGFyc2V0PXV0Zi04O2Jhc2U2NCxiV0Z6ZEdWeUxUQXlMbU5sYm01emIyNXBZeTB3TVM1MGNHMWtMVEF4TG1WMUxuUndhWEF1Ym1WMENnPT0iLAogICAgICAgICAgICAidmVyaWZpY2F0aW9uIjoge30KICAgICAgICAgIH0sCiAgICAgICAgICAibW9kZSI6IDQyMAogICAgICAgIH0KICAgICAgXQogICAgfSwKICAgICJzeXN0ZW1kIjoge30KICB9",
                            "extra_config.guestinfo.coreos.config.data.encoding": "base64",
                            "firmware": "bios",
                            "folder": "cennsonic-01.tpmd-01.eu.tpip.net",
                            "force_power_off": "true",
                            "guest_id": "other26xLinux64Guest",
                            "guest_ip_addresses.#": "3",
                            "guest_ip_addresses.0": "172.20.16.142",
                            "guest_ip_addresses.1": "2001:470:7720:16:250:56ff:fe86:616",
                            "guest_ip_addresses.2": "fe80::250:56ff:fe86:616",
                            "host_system_id": "host-284",
                            "hv_mode": "hvAuto",
                            "id": "4206b101-4185-6600-9b9c-fbc18d114c3c",
                            "latency_sensitivity": "normal",
                            "memory": "2048",
                            "memory_hot_add_enabled": "false",
                            "memory_limit": "-1",
                            "memory_reservation": "0",
                            "memory_share_count": "20480",
                            "memory_share_level": "normal",
                            "migrate_wait_timeout": "30",
                            "moid": "vm-740",
                            "name": "master-02.cennsonic-01.tpmd-01.eu.tpip.net",
                            "nested_hv_enabled": "false",
                            "network_interface.#": "1",
                            "network_interface.0.adapter_type": "vmxnet3",
                            "network_interface.0.bandwidth_limit": "-1",
                            "network_interface.0.bandwidth_reservation": "0",
                            "network_interface.0.bandwidth_share_count": "50",
                            "network_interface.0.bandwidth_share_level": "normal",
                            "network_interface.0.device_address": "pci:0:7",
                            "network_interface.0.key": "4000",
                            "network_interface.0.mac_address": "00:50:56:86:06:16",
                            "network_interface.0.network_id": "dvportgroup-48",
                            "network_interface.0.use_static_mac": "false",
                            "num_cores_per_socket": "1",
                            "num_cpus": "2",
                            "reboot_required": "false",
                            "resource_pool_id": "resgroup-307",
                            "run_tools_scripts_after_power_on": "true",
                            "run_tools_scripts_after_resume": "true",
                            "run_tools_scripts_before_guest_reboot": "false",
                            "run_tools_scripts_before_guest_shutdown": "true",
                            "run_tools_scripts_before_guest_standby": "true",
                            "scsi_bus_sharing": "noSharing",
                            "scsi_controller_count": "1",
                            "scsi_type": "pvscsi",
                            "shutdown_wait_timeout": "3",
                            "swap_placement_policy": "inherit",
                            "sync_time_with_host": "false",
                            "tags.#": "0",
                            "uuid": "4206b101-4185-6600-9b9c-fbc18d114c3c",
                            "vapp_transport.#": "0",
                            "vmware_tools_status": "guestToolsRunning",
                            "vmx_path": "master-02.cennsonic-01.tpmd-01.eu.tpip.net/master-02.cennsonic-01.tpmd-01.eu.tpip.net.vmx",
                            "wait_for_guest_net_routable": "true",
                            "wait_for_guest_net_timeout": "5"
                        },
                        "meta": {
                            "schema_version": "3"
                        },
                        "tainted": false
                    },
                    "deposed": [],
                    "provider": "provider.vsphere"
                },
                "vsphere_virtual_machine.node.2": {
                    "type": "vsphere_virtual_machine",
                    "depends_on": [
                        "data.ignition_config.config.*",
                        "data.vsphere_datastore.datastore",
                        "data.vsphere_network.network",
                        "data.vsphere_resource_pool.pool",
                        "data.vsphere_virtual_machine.template",
                        "vsphere_folder.folder"
                    ],
                    "primary": {
                        "id": "4206bc92-9d2a-f0a4-5365-6b8a429ccf5b",
                        "attributes": {
                            "alternate_guest_name": "",
                            "annotation": "",
                            "boot_delay": "0",
                            "boot_retry_delay": "10000",
                            "boot_retry_enabled": "false",
                            "cdrom.#": "0",
                            "change_version": "2018-10-23T22:08:03.809024Z",
                            "clone.#": "1",
                            "clone.0.customize.#": "0",
                            "clone.0.linked_clone": "false",
                            "clone.0.template_uuid": "4206a232-0181-82d9-24c6-3626ab39b5df",
                            "clone.0.timeout": "30",
                            "cpu_hot_add_enabled": "false",
                            "cpu_hot_remove_enabled": "false",
                            "cpu_limit": "-1",
                            "cpu_performance_counters_enabled": "false",
                            "cpu_reservation": "0",
                            "cpu_share_count": "2000",
                            "cpu_share_level": "normal",
                            "custom_attributes.%": "0",
                            "datastore_id": "datastore-286",
                            "default_ip_address": "172.20.16.143",
                            "disk.#": "1",
                            "disk.0.attach": "false",
                            "disk.0.datastore_id": "datastore-286",
                            "disk.0.device_address": "scsi:0:0",
                            "disk.0.disk_mode": "persistent",
                            "disk.0.disk_sharing": "sharingNone",
                            "disk.0.eagerly_scrub": "false",
                            "disk.0.io_limit": "-1",
                            "disk.0.io_reservation": "0",
                            "disk.0.io_share_count": "1000",
                            "disk.0.io_share_level": "normal",
                            "disk.0.keep_on_remove": "false",
                            "disk.0.key": "2000",
                            "disk.0.label": "disk0",
                            "disk.0.name": "",
                            "disk.0.path": "master-03.cennsonic-01.tpmd-01.eu.tpip.net/master-03.cennsonic-01.tpmd-01.eu.tpip.net.vmdk",
                            "disk.0.size": "30",
                            "disk.0.thin_provisioned": "true",
                            "disk.0.unit_number": "0",
                            "disk.0.uuid": "6000C29e-48d4-004b-6064-beffcce118b7",
                            "disk.0.write_through": "false",
                            "efi_secure_boot_enabled": "false",
                            "enable_disk_uuid": "false",
                            "enable_logging": "false",
                            "ept_rvi_mode": "automatic",
                            "extra_config.%": "2",
                            "extra_config.guestinfo.coreos.config.data": "ewogICAgImlnbml0aW9uIjogewogICAgICAiY29uZmlnIjoge30sCiAgICAgICJ0aW1lb3V0cyI6IHt9LAogICAgICAidmVyc2lvbiI6ICIyLjEuMCIKICAgIH0sCiAgICAibmV0d29ya2QiOiB7CiAgICAgICJ1bml0cyI6IFsKICAgICAgICB7CiAgICAgICAgICAiY29udGVudHMiOiAiW01hdGNoXVxuTmFtZT1lbnMxOTJcbltOZXR3b3JrXVxuRE5TPTguOC44LjhcbkFkZHJlc3M9MTcyLjIwLjE2LjE0M1xuTmV0bWFzaz0yNFxuR2F0ZXdheT0xNzIuMjAuMTYuMVxuIiwKICAgICAgICAgICJuYW1lIjogIjAwLWVuczE5Mi5uZXR3b3JrIgogICAgICAgIH0KICAgICAgXQogICAgfSwKICAgICJwYXNzd2QiOiB7CiAgICAgICJ1c2VycyI6IFsKICAgICAgICB7CiAgICAgICAgICAibmFtZSI6ICJjb3JlIiwKICAgICAgICAgICJwYXNzd29yZEhhc2giOiAiJDEkNEhlSG1LRUgkdGlSUW5QMTIyUjIyOHRjbUxyaGJRMSIsCiAgICAgICAgICAic3NoQXV0aG9yaXplZEtleXMiOiBbCiAgICAgICAgICAgICJzc2gtcnNhIEFBQUFCM056YUMxeWMyRUFBQUFEQVFBQkFBQUJBUUM3RE1xcUdEVmhQZnRIQm5BUWVXNGpsM21oay9wb1pxYnlKc0h2TlFsVlpDdDh3TkVpQkxZR25WTlk2U0t4MWFJT0ROZE9URW5HVktCbDkzSHg0QWcwdEdUR0NBSGRmMWE3cm5LSUJSZnZJNm42ZWgzdmladmsxdFA1YmZwcHB0bU52YUtWRWNjR2ZvTkVzNXhGeWQ1WHhxaXFzSVFIZEpJa2JEQ1BUS3hHWEUzLzEySWh3VlZSQ2FsMlBCL08rSnRxM0VJTmVwTU93dmNDSU44Yk1VWk1VWUhRYmZCYkNESTM5MFNWdXBBVVJ0MmRQWTlHRDYvamdJbDM2WlFnTXhTQ2lBenJHMkN3YXVaalRheUNZN1lBeUdtdjhPNGxNNHFrd3J5NGtDMHJRSjdwWHIwblR2RnVHcGI5UkZmZjg3UUNjQjFBNGdSUzQ5Qm91a2RkdFdSZiIKICAgICAgICAgIF0KICAgICAgICB9CiAgICAgIF0KICAgIH0sCiAgICAic3RvcmFnZSI6IHsKICAgICAgImZpbGVzIjogWwogICAgICAgIHsKICAgICAgICAgICJmaWxlc3lzdGVtIjogInJvb3QiLAogICAgICAgICAgImdyb3VwIjoge30sCiAgICAgICAgICAicGF0aCI6ICIvZXRjL2hvc3RzIiwKICAgICAgICAgICJ1c2VyIjoge30sCiAgICAgICAgICAiY29udGVudHMiOiB7CiAgICAgICAgICAgICJzb3VyY2UiOiAiZGF0YTp0ZXh0L3BsYWluO2NoYXJzZXQ9dXRmLTg7YmFzZTY0LE1USTNMakF1TUM0eElDQWdJQ0FnYkc5allXeG9iM04wQ2pvNk1TQWdJQ0FnSUNBZ0lDQWdJR3h2WTJGc2FHOXpkQW94TWpjdU1DNHdMakVnSUNBZ0lDQnRZWE4wWlhJdE1ETXVZMlZ1Ym5OdmJtbGpMVEF4TG5Sd2JXUXRNREV1WlhVdWRIQnBjQzV1WlhRS01USTNMakF1TUM0eElDQWdJQ0FnYXpoekxtTmxibTV6YjI1cFl5MHdNUzUwY0cxa0xUQXhMbVYxTG5Sd2FYQXVibVYwQ2c9PSIsCiAgICAgICAgICAgICJ2ZXJpZmljYXRpb24iOiB7fQogICAgICAgICAgfSwKICAgICAgICAgICJtb2RlIjogNDIwCiAgICAgICAgfSwKICAgICAgICB7CiAgICAgICAgICAiZmlsZXN5c3RlbSI6ICJyb290IiwKICAgICAgICAgICJncm91cCI6IHt9LAogICAgICAgICAgInBhdGgiOiAiL2V0Yy9ob3N0bmFtZSIsCiAgICAgICAgICAidXNlciI6IHt9LAogICAgICAgICAgImNvbnRlbnRzIjogewogICAgICAgICAgICAic291cmNlIjogImRhdGE6dGV4dC9wbGFpbjtjaGFyc2V0PXV0Zi04O2Jhc2U2NCxiV0Z6ZEdWeUxUQXpMbU5sYm01emIyNXBZeTB3TVM1MGNHMWtMVEF4TG1WMUxuUndhWEF1Ym1WMENnPT0iLAogICAgICAgICAgICAidmVyaWZpY2F0aW9uIjoge30KICAgICAgICAgIH0sCiAgICAgICAgICAibW9kZSI6IDQyMAogICAgICAgIH0KICAgICAgXQogICAgfSwKICAgICJzeXN0ZW1kIjoge30KICB9",
                            "extra_config.guestinfo.coreos.config.data.encoding": "base64",
                            "firmware": "bios",
                            "folder": "cennsonic-01.tpmd-01.eu.tpip.net",
                            "force_power_off": "true",
                            "guest_id": "other26xLinux64Guest",
                            "guest_ip_addresses.#": "4",
                            "guest_ip_addresses.0": "172.20.16.143",
                            "guest_ip_addresses.1": "172.20.16.140",
                            "guest_ip_addresses.2": "fe80::250:56ff:fe86:afe7",
                            "guest_ip_addresses.3": "2001:470:7720:16:250:56ff:fe86:afe7",
                            "host_system_id": "host-284",
                            "hv_mode": "hvAuto",
                            "id": "4206bc92-9d2a-f0a4-5365-6b8a429ccf5b",
                            "latency_sensitivity": "normal",
                            "memory": "2048",
                            "memory_hot_add_enabled": "false",
                            "memory_limit": "-1",
                            "memory_reservation": "0",
                            "memory_share_count": "20480",
                            "memory_share_level": "normal",
                            "migrate_wait_timeout": "30",
                            "moid": "vm-741",
                            "name": "master-03.cennsonic-01.tpmd-01.eu.tpip.net",
                            "nested_hv_enabled": "false",
                            "network_interface.#": "1",
                            "network_interface.0.adapter_type": "vmxnet3",
                            "network_interface.0.bandwidth_limit": "-1",
                            "network_interface.0.bandwidth_reservation": "0",
                            "network_interface.0.bandwidth_share_count": "50",
                            "network_interface.0.bandwidth_share_level": "normal",
                            "network_interface.0.device_address": "pci:0:7",
                            "network_interface.0.key": "4000",
                            "network_interface.0.mac_address": "00:50:56:86:af:e7",
                            "network_interface.0.network_id": "dvportgroup-48",
                            "network_interface.0.use_static_mac": "false",
                            "num_cores_per_socket": "1",
                            "num_cpus": "2",
                            "reboot_required": "false",
                            "resource_pool_id": "resgroup-307",
                            "run_tools_scripts_after_power_on": "true",
                            "run_tools_scripts_after_resume": "true",
                            "run_tools_scripts_before_guest_reboot": "false",
                            "run_tools_scripts_before_guest_shutdown": "true",
                            "run_tools_scripts_before_guest_standby": "true",
                            "scsi_bus_sharing": "noSharing",
                            "scsi_controller_count": "1",
                            "scsi_type": "pvscsi",
                            "shutdown_wait_timeout": "3",
                            "swap_placement_policy": "inherit",
                            "sync_time_with_host": "false",
                            "tags.#": "0",
                            "uuid": "4206bc92-9d2a-f0a4-5365-6b8a429ccf5b",
                            "vapp_transport.#": "0",
                            "vmware_tools_status": "guestToolsRunning",
                            "vmx_path": "master-03.cennsonic-01.tpmd-01.eu.tpip.net/master-03.cennsonic-01.tpmd-01.eu.tpip.net.vmx",
                            "wait_for_guest_net_routable": "true",
                            "wait_for_guest_net_timeout": "5"
                        },
                        "meta": {
                            "schema_version": "3"
                        },
                        "tainted": false
                    },
                    "deposed": [],
                    "provider": "provider.vsphere"
                },
                "vsphere_virtual_machine.node.3": {
                    "type": "vsphere_virtual_machine",
                    "depends_on": [
                        "data.ignition_config.config.*",
                        "data.vsphere_datastore.datastore",
                        "data.vsphere_network.network",
                        "data.vsphere_resource_pool.pool",
                        "data.vsphere_virtual_machine.template",
                        "vsphere_folder.folder"
                    ],
                    "primary": {
                        "id": "4206f105-d568-46e3-4755-fb3eff0794a6",
                        "attributes": {
                            "alternate_guest_name": "",
                            "annotation": "",
                            "boot_delay": "0",
                            "boot_retry_delay": "10000",
                            "boot_retry_enabled": "false",
                            "cdrom.#": "0",
                            "change_version": "2018-10-24T08:06:59.575627Z",
                            "clone.#": "1",
                            "clone.0.customize.#": "0",
                            "clone.0.linked_clone": "false",
                            "clone.0.template_uuid": "4206a232-0181-82d9-24c6-3626ab39b5df",
                            "clone.0.timeout": "30",
                            "cpu_hot_add_enabled": "false",
                            "cpu_hot_remove_enabled": "false",
                            "cpu_limit": "-1",
                            "cpu_performance_counters_enabled": "false",
                            "cpu_reservation": "0",
                            "cpu_share_count": "4000",
                            "cpu_share_level": "normal",
                            "custom_attributes.%": "0",
                            "datastore_id": "datastore-286",
                            "default_ip_address": "172.20.16.144",
                            "disk.#": "1",
                            "disk.0.attach": "false",
                            "disk.0.datastore_id": "datastore-286",
                            "disk.0.device_address": "scsi:0:0",
                            "disk.0.disk_mode": "persistent",
                            "disk.0.disk_sharing": "sharingNone",
                            "disk.0.eagerly_scrub": "false",
                            "disk.0.io_limit": "-1",
                            "disk.0.io_reservation": "0",
                            "disk.0.io_share_count": "1000",
                            "disk.0.io_share_level": "normal",
                            "disk.0.keep_on_remove": "false",
                            "disk.0.key": "2000",
                            "disk.0.label": "disk0",
                            "disk.0.name": "",
                            "disk.0.path": "worker-01.cennsonic-01.tpmd-01.eu.tpip.net/worker-01.cennsonic-01.tpmd-01.eu.tpip.net.vmdk",
                            "disk.0.size": "50",
                            "disk.0.thin_provisioned": "true",
                            "disk.0.unit_number": "0",
                            "disk.0.uuid": "6000C297-4819-f92d-1839-83b3114c6ec9",
                            "disk.0.write_through": "false",
                            "efi_secure_boot_enabled": "false",
                            "enable_disk_uuid": "false",
                            "enable_logging": "false",
                            "ept_rvi_mode": "automatic",
                            "extra_config.%": "2",
                            "extra_config.guestinfo.coreos.config.data": "ewogICAgImlnbml0aW9uIjogewogICAgICAiY29uZmlnIjoge30sCiAgICAgICJ0aW1lb3V0cyI6IHt9LAogICAgICAidmVyc2lvbiI6ICIyLjEuMCIKICAgIH0sCiAgICAibmV0d29ya2QiOiB7CiAgICAgICJ1bml0cyI6IFsKICAgICAgICB7CiAgICAgICAgICAiY29udGVudHMiOiAiW01hdGNoXVxuTmFtZT1lbnMxOTJcbltOZXR3b3JrXVxuRE5TPTguOC44LjhcbkFkZHJlc3M9MTcyLjIwLjE2LjE0NFxuTmV0bWFzaz0yNFxuR2F0ZXdheT0xNzIuMjAuMTYuMVxuIiwKICAgICAgICAgICJuYW1lIjogIjAwLWVuczE5Mi5uZXR3b3JrIgogICAgICAgIH0KICAgICAgXQogICAgfSwKICAgICJwYXNzd2QiOiB7CiAgICAgICJ1c2VycyI6IFsKICAgICAgICB7CiAgICAgICAgICAibmFtZSI6ICJjb3JlIiwKICAgICAgICAgICJwYXNzd29yZEhhc2giOiAiJDEkNEhlSG1LRUgkdGlSUW5QMTIyUjIyOHRjbUxyaGJRMSIsCiAgICAgICAgICAic3NoQXV0aG9yaXplZEtleXMiOiBbCiAgICAgICAgICAgICJzc2gtcnNhIEFBQUFCM056YUMxeWMyRUFBQUFEQVFBQkFBQUJBUUM3RE1xcUdEVmhQZnRIQm5BUWVXNGpsM21oay9wb1pxYnlKc0h2TlFsVlpDdDh3TkVpQkxZR25WTlk2U0t4MWFJT0ROZE9URW5HVktCbDkzSHg0QWcwdEdUR0NBSGRmMWE3cm5LSUJSZnZJNm42ZWgzdmladmsxdFA1YmZwcHB0bU52YUtWRWNjR2ZvTkVzNXhGeWQ1WHhxaXFzSVFIZEpJa2JEQ1BUS3hHWEUzLzEySWh3VlZSQ2FsMlBCL08rSnRxM0VJTmVwTU93dmNDSU44Yk1VWk1VWUhRYmZCYkNESTM5MFNWdXBBVVJ0MmRQWTlHRDYvamdJbDM2WlFnTXhTQ2lBenJHMkN3YXVaalRheUNZN1lBeUdtdjhPNGxNNHFrd3J5NGtDMHJRSjdwWHIwblR2RnVHcGI5UkZmZjg3UUNjQjFBNGdSUzQ5Qm91a2RkdFdSZiIKICAgICAgICAgIF0KICAgICAgICB9CiAgICAgIF0KICAgIH0sCiAgICAic3RvcmFnZSI6IHsKICAgICAgImZpbGVzIjogWwogICAgICAgIHsKICAgICAgICAgICJmaWxlc3lzdGVtIjogInJvb3QiLAogICAgICAgICAgImdyb3VwIjoge30sCiAgICAgICAgICAicGF0aCI6ICIvZXRjL2hvc3RzIiwKICAgICAgICAgICJ1c2VyIjoge30sCiAgICAgICAgICAiY29udGVudHMiOiB7CiAgICAgICAgICAgICJzb3VyY2UiOiAiZGF0YTp0ZXh0L3BsYWluO2NoYXJzZXQ9dXRmLTg7YmFzZTY0LE1USTNMakF1TUM0eElDQWdJQ0FnYkc5allXeG9iM04wQ2pvNk1TQWdJQ0FnSUNBZ0lDQWdJR3h2WTJGc2FHOXpkQW94TWpjdU1DNHdMakVnSUNBZ0lDQjNiM0pyWlhJdE1ERXVZMlZ1Ym5OdmJtbGpMVEF4TG5Sd2JXUXRNREV1WlhVdWRIQnBjQzV1WlhRS01USTNMakF1TUM0eElDQWdJQ0FnYXpoekxtTmxibTV6YjI1cFl5MHdNUzUwY0cxa0xUQXhMbVYxTG5Sd2FYQXVibVYwQ2c9PSIsCiAgICAgICAgICAgICJ2ZXJpZmljYXRpb24iOiB7fQogICAgICAgICAgfSwKICAgICAgICAgICJtb2RlIjogNDIwCiAgICAgICAgfSwKICAgICAgICB7CiAgICAgICAgICAiZmlsZXN5c3RlbSI6ICJyb290IiwKICAgICAgICAgICJncm91cCI6IHt9LAogICAgICAgICAgInBhdGgiOiAiL2V0Yy9ob3N0bmFtZSIsCiAgICAgICAgICAidXNlciI6IHt9LAogICAgICAgICAgImNvbnRlbnRzIjogewogICAgICAgICAgICAic291cmNlIjogImRhdGE6dGV4dC9wbGFpbjtjaGFyc2V0PXV0Zi04O2Jhc2U2NCxkMjl5YTJWeUxUQXhMbU5sYm01emIyNXBZeTB3TVM1MGNHMWtMVEF4TG1WMUxuUndhWEF1Ym1WMENnPT0iLAogICAgICAgICAgICAidmVyaWZpY2F0aW9uIjoge30KICAgICAgICAgIH0sCiAgICAgICAgICAibW9kZSI6IDQyMAogICAgICAgIH0KICAgICAgXQogICAgfSwKICAgICJzeXN0ZW1kIjoge30KICB9",
                            "extra_config.guestinfo.coreos.config.data.encoding": "base64",
                            "firmware": "bios",
                            "folder": "cennsonic-01.tpmd-01.eu.tpip.net",
                            "force_power_off": "true",
                            "guest_id": "other26xLinux64Guest",
                            "guest_ip_addresses.#": "5",
                            "guest_ip_addresses.0": "172.20.16.144",
                            "guest_ip_addresses.1": "fe80::250:56ff:fe86:3b65",
                            "guest_ip_addresses.2": "2001:470:7720:16:250:56ff:fe86:3b65",
                            "guest_ip_addresses.3": "fe80::ecee:eeff:feee:eeee",
                            "guest_ip_addresses.4": "fe80::ecee:eeff:feee:eeee",
                            "host_system_id": "host-284",
                            "hv_mode": "hvAuto",
                            "id": "4206f105-d568-46e3-4755-fb3eff0794a6",
                            "latency_sensitivity": "normal",
                            "memory": "4096",
                            "memory_hot_add_enabled": "false",
                            "memory_limit": "-1",
                            "memory_reservation": "0",
                            "memory_share_count": "40960",
                            "memory_share_level": "normal",
                            "migrate_wait_timeout": "30",
                            "moid": "vm-742",
                            "name": "worker-01.cennsonic-01.tpmd-01.eu.tpip.net",
                            "nested_hv_enabled": "false",
                            "network_interface.#": "1",
                            "network_interface.0.adapter_type": "vmxnet3",
                            "network_interface.0.bandwidth_limit": "-1",
                            "network_interface.0.bandwidth_reservation": "0",
                            "network_interface.0.bandwidth_share_count": "50",
                            "network_interface.0.bandwidth_share_level": "normal",
                            "network_interface.0.device_address": "pci:0:7",
                            "network_interface.0.key": "4000",
                            "network_interface.0.mac_address": "00:50:56:86:3b:65",
                            "network_interface.0.network_id": "dvportgroup-48",
                            "network_interface.0.use_static_mac": "false",
                            "num_cores_per_socket": "1",
                            "num_cpus": "4",
                            "reboot_required": "false",
                            "resource_pool_id": "resgroup-307",
                            "run_tools_scripts_after_power_on": "true",
                            "run_tools_scripts_after_resume": "true",
                            "run_tools_scripts_before_guest_reboot": "false",
                            "run_tools_scripts_before_guest_shutdown": "true",
                            "run_tools_scripts_before_guest_standby": "true",
                            "scsi_bus_sharing": "noSharing",
                            "scsi_controller_count": "1",
                            "scsi_type": "pvscsi",
                            "shutdown_wait_timeout": "3",
                            "swap_placement_policy": "inherit",
                            "sync_time_with_host": "false",
                            "tags.#": "0",
                            "uuid": "4206f105-d568-46e3-4755-fb3eff0794a6",
                            "vapp_transport.#": "0",
                            "vmware_tools_status": "guestToolsRunning",
                            "vmx_path": "worker-01.cennsonic-01.tpmd-01.eu.tpip.net/worker-01.cennsonic-01.tpmd-01.eu.tpip.net.vmx",
                            "wait_for_guest_net_routable": "true",
                            "wait_for_guest_net_timeout": "5"
                        },
                        "meta": {
                            "schema_version": "3"
                        },
                        "tainted": false
                    },
                    "deposed": [],
                    "provider": "provider.vsphere"
                },
                "vsphere_virtual_machine.node.4": {
                    "type": "vsphere_virtual_machine",
                    "depends_on": [
                        "data.ignition_config.config.*",
                        "data.vsphere_datastore.datastore",
                        "data.vsphere_network.network",
                        "data.vsphere_resource_pool.pool",
                        "data.vsphere_virtual_machine.template",
                        "vsphere_folder.folder"
                    ],
                    "primary": {
                        "id": "42063ebe-17de-de41-6671-29d0e1774874",
                        "attributes": {
                            "alternate_guest_name": "",
                            "annotation": "",
                            "boot_delay": "0",
                            "boot_retry_delay": "10000",
                            "boot_retry_enabled": "false",
                            "cdrom.#": "0",
                            "change_version": "2018-10-24T10:24:51.529919Z",
                            "clone.#": "1",
                            "clone.0.customize.#": "0",
                            "clone.0.linked_clone": "false",
                            "clone.0.template_uuid": "4206a232-0181-82d9-24c6-3626ab39b5df",
                            "clone.0.timeout": "30",
                            "cpu_hot_add_enabled": "false",
                            "cpu_hot_remove_enabled": "false",
                            "cpu_limit": "-1",
                            "cpu_performance_counters_enabled": "false",
                            "cpu_reservation": "0",
                            "cpu_share_count": "4000",
                            "cpu_share_level": "normal",
                            "custom_attributes.%": "0",
                            "datastore_id": "datastore-286",
                            "default_ip_address": "172.20.16.145",
                            "disk.#": "1",
                            "disk.0.attach": "false",
                            "disk.0.datastore_id": "datastore-286",
                            "disk.0.device_address": "scsi:0:0",
                            "disk.0.disk_mode": "persistent",
                            "disk.0.disk_sharing": "sharingNone",
                            "disk.0.eagerly_scrub": "false",
                            "disk.0.io_limit": "-1",
                            "disk.0.io_reservation": "0",
                            "disk.0.io_share_count": "1000",
                            "disk.0.io_share_level": "normal",
                            "disk.0.keep_on_remove": "false",
                            "disk.0.key": "2000",
                            "disk.0.label": "disk0",
                            "disk.0.name": "",
                            "disk.0.path": "worker-02.cennsonic-01.tpmd-01.eu.tpip.net/worker-02.cennsonic-01.tpmd-01.eu.tpip.net.vmdk",
                            "disk.0.size": "50",
                            "disk.0.thin_provisioned": "true",
                            "disk.0.unit_number": "0",
                            "disk.0.uuid": "6000C29f-3bbb-8371-7340-558889d42d02",
                            "disk.0.write_through": "false",
                            "efi_secure_boot_enabled": "false",
                            "enable_disk_uuid": "false",
                            "enable_logging": "false",
                            "ept_rvi_mode": "automatic",
                            "extra_config.%": "2",
                            "extra_config.guestinfo.coreos.config.data": "ewogICAgImlnbml0aW9uIjogewogICAgICAiY29uZmlnIjoge30sCiAgICAgICJ0aW1lb3V0cyI6IHt9LAogICAgICAidmVyc2lvbiI6ICIyLjEuMCIKICAgIH0sCiAgICAibmV0d29ya2QiOiB7CiAgICAgICJ1bml0cyI6IFsKICAgICAgICB7CiAgICAgICAgICAiY29udGVudHMiOiAiW01hdGNoXVxuTmFtZT1lbnMxOTJcbltOZXR3b3JrXVxuRE5TPTguOC44LjhcbkFkZHJlc3M9MTcyLjIwLjE2LjE0NVxuTmV0bWFzaz0yNFxuR2F0ZXdheT0xNzIuMjAuMTYuMVxuIiwKICAgICAgICAgICJuYW1lIjogIjAwLWVuczE5Mi5uZXR3b3JrIgogICAgICAgIH0KICAgICAgXQogICAgfSwKICAgICJwYXNzd2QiOiB7CiAgICAgICJ1c2VycyI6IFsKICAgICAgICB7CiAgICAgICAgICAibmFtZSI6ICJjb3JlIiwKICAgICAgICAgICJwYXNzd29yZEhhc2giOiAiJDEkNEhlSG1LRUgkdGlSUW5QMTIyUjIyOHRjbUxyaGJRMSIsCiAgICAgICAgICAic3NoQXV0aG9yaXplZEtleXMiOiBbCiAgICAgICAgICAgICJzc2gtcnNhIEFBQUFCM056YUMxeWMyRUFBQUFEQVFBQkFBQUJBUUM3RE1xcUdEVmhQZnRIQm5BUWVXNGpsM21oay9wb1pxYnlKc0h2TlFsVlpDdDh3TkVpQkxZR25WTlk2U0t4MWFJT0ROZE9URW5HVktCbDkzSHg0QWcwdEdUR0NBSGRmMWE3cm5LSUJSZnZJNm42ZWgzdmladmsxdFA1YmZwcHB0bU52YUtWRWNjR2ZvTkVzNXhGeWQ1WHhxaXFzSVFIZEpJa2JEQ1BUS3hHWEUzLzEySWh3VlZSQ2FsMlBCL08rSnRxM0VJTmVwTU93dmNDSU44Yk1VWk1VWUhRYmZCYkNESTM5MFNWdXBBVVJ0MmRQWTlHRDYvamdJbDM2WlFnTXhTQ2lBenJHMkN3YXVaalRheUNZN1lBeUdtdjhPNGxNNHFrd3J5NGtDMHJRSjdwWHIwblR2RnVHcGI5UkZmZjg3UUNjQjFBNGdSUzQ5Qm91a2RkdFdSZiIKICAgICAgICAgIF0KICAgICAgICB9CiAgICAgIF0KICAgIH0sCiAgICAic3RvcmFnZSI6IHsKICAgICAgImZpbGVzIjogWwogICAgICAgIHsKICAgICAgICAgICJmaWxlc3lzdGVtIjogInJvb3QiLAogICAgICAgICAgImdyb3VwIjoge30sCiAgICAgICAgICAicGF0aCI6ICIvZXRjL2hvc3RzIiwKICAgICAgICAgICJ1c2VyIjoge30sCiAgICAgICAgICAiY29udGVudHMiOiB7CiAgICAgICAgICAgICJzb3VyY2UiOiAiZGF0YTp0ZXh0L3BsYWluO2NoYXJzZXQ9dXRmLTg7YmFzZTY0LE1USTNMakF1TUM0eElDQWdJQ0FnYkc5allXeG9iM04wQ2pvNk1TQWdJQ0FnSUNBZ0lDQWdJR3h2WTJGc2FHOXpkQW94TWpjdU1DNHdMakVnSUNBZ0lDQjNiM0pyWlhJdE1ESXVZMlZ1Ym5OdmJtbGpMVEF4TG5Sd2JXUXRNREV1WlhVdWRIQnBjQzV1WlhRS01USTNMakF1TUM0eElDQWdJQ0FnYXpoekxtTmxibTV6YjI1cFl5MHdNUzUwY0cxa0xUQXhMbVYxTG5Sd2FYQXVibVYwQ2c9PSIsCiAgICAgICAgICAgICJ2ZXJpZmljYXRpb24iOiB7fQogICAgICAgICAgfSwKICAgICAgICAgICJtb2RlIjogNDIwCiAgICAgICAgfSwKICAgICAgICB7CiAgICAgICAgICAiZmlsZXN5c3RlbSI6ICJyb290IiwKICAgICAgICAgICJncm91cCI6IHt9LAogICAgICAgICAgInBhdGgiOiAiL2V0Yy9ob3N0bmFtZSIsCiAgICAgICAgICAidXNlciI6IHt9LAogICAgICAgICAgImNvbnRlbnRzIjogewogICAgICAgICAgICAic291cmNlIjogImRhdGE6dGV4dC9wbGFpbjtjaGFyc2V0PXV0Zi04O2Jhc2U2NCxkMjl5YTJWeUxUQXlMbU5sYm01emIyNXBZeTB3TVM1MGNHMWtMVEF4TG1WMUxuUndhWEF1Ym1WMENnPT0iLAogICAgICAgICAgICAidmVyaWZpY2F0aW9uIjoge30KICAgICAgICAgIH0sCiAgICAgICAgICAibW9kZSI6IDQyMAogICAgICAgIH0KICAgICAgXQogICAgfSwKICAgICJzeXN0ZW1kIjoge30KICB9",
                            "extra_config.guestinfo.coreos.config.data.encoding": "base64",
                            "firmware": "bios",
                            "folder": "cennsonic-01.tpmd-01.eu.tpip.net",
                            "force_power_off": "true",
                            "guest_id": "other26xLinux64Guest",
                            "guest_ip_addresses.#": "3",
                            "guest_ip_addresses.0": "172.20.16.145",
                            "guest_ip_addresses.1": "fe80::250:56ff:fe86:f53",
                            "guest_ip_addresses.2": "2001:470:7720:16:250:56ff:fe86:f53",
                            "host_system_id": "host-284",
                            "hv_mode": "hvAuto",
                            "id": "42063ebe-17de-de41-6671-29d0e1774874",
                            "latency_sensitivity": "normal",
                            "memory": "4096",
                            "memory_hot_add_enabled": "false",
                            "memory_limit": "-1",
                            "memory_reservation": "0",
                            "memory_share_count": "40960",
                            "memory_share_level": "normal",
                            "migrate_wait_timeout": "30",
                            "moid": "vm-743",
                            "name": "worker-02.cennsonic-01.tpmd-01.eu.tpip.net",
                            "nested_hv_enabled": "false",
                            "network_interface.#": "1",
                            "network_interface.0.adapter_type": "vmxnet3",
                            "network_interface.0.bandwidth_limit": "-1",
                            "network_interface.0.bandwidth_reservation": "0",
                            "network_interface.0.bandwidth_share_count": "50",
                            "network_interface.0.bandwidth_share_level": "normal",
                            "network_interface.0.device_address": "pci:0:7",
                            "network_interface.0.key": "4000",
                            "network_interface.0.mac_address": "00:50:56:86:0f:53",
                            "network_interface.0.network_id": "dvportgroup-48",
                            "network_interface.0.use_static_mac": "false",
                            "num_cores_per_socket": "1",
                            "num_cpus": "4",
                            "reboot_required": "false",
                            "resource_pool_id": "resgroup-307",
                            "run_tools_scripts_after_power_on": "true",
                            "run_tools_scripts_after_resume": "true",
                            "run_tools_scripts_before_guest_reboot": "false",
                            "run_tools_scripts_before_guest_shutdown": "true",
                            "run_tools_scripts_before_guest_standby": "true",
                            "scsi_bus_sharing": "noSharing",
                            "scsi_controller_count": "1",
                            "scsi_type": "pvscsi",
                            "shutdown_wait_timeout": "3",
                            "swap_placement_policy": "inherit",
                            "sync_time_with_host": "false",
                            "tags.#": "0",
                            "uuid": "42063ebe-17de-de41-6671-29d0e1774874",
                            "vapp_transport.#": "0",
                            "vmware_tools_status": "guestToolsRunning",
                            "vmx_path": "worker-02.cennsonic-01.tpmd-01.eu.tpip.net/worker-02.cennsonic-01.tpmd-01.eu.tpip.net.vmx",
                            "wait_for_guest_net_routable": "true",
                            "wait_for_guest_net_timeout": "5"
                        },
                        "meta": {
                            "schema_version": "3"
                        },
                        "tainted": false
                    },
                    "deposed": [],
                    "provider": "provider.vsphere"
                },
                "vsphere_virtual_machine.node.5": {
                    "type": "vsphere_virtual_machine",
                    "depends_on": [
                        "data.ignition_config.config.*",
                        "data.vsphere_datastore.datastore",
                        "data.vsphere_network.network",
                        "data.vsphere_resource_pool.pool",
                        "data.vsphere_virtual_machine.template",
                        "vsphere_folder.folder"
                    ],
                    "primary": {
                        "id": "42060481-e305-715f-3931-8633372b8efe",
                        "attributes": {
                            "alternate_guest_name": "",
                            "annotation": "",
                            "boot_delay": "0",
                            "boot_retry_delay": "10000",
                            "boot_retry_enabled": "false",
                            "cdrom.#": "0",
                            "change_version": "2018-10-24T15:27:46.328029Z",
                            "clone.#": "1",
                            "clone.0.customize.#": "0",
                            "clone.0.linked_clone": "false",
                            "clone.0.template_uuid": "4206a232-0181-82d9-24c6-3626ab39b5df",
                            "clone.0.timeout": "30",
                            "cpu_hot_add_enabled": "false",
                            "cpu_hot_remove_enabled": "false",
                            "cpu_limit": "-1",
                            "cpu_performance_counters_enabled": "false",
                            "cpu_reservation": "0",
                            "cpu_share_count": "4000",
                            "cpu_share_level": "normal",
                            "custom_attributes.%": "0",
                            "datastore_id": "datastore-286",
                            "default_ip_address": "172.20.16.146",
                            "disk.#": "1",
                            "disk.0.attach": "false",
                            "disk.0.datastore_id": "datastore-286",
                            "disk.0.device_address": "scsi:0:0",
                            "disk.0.disk_mode": "persistent",
                            "disk.0.disk_sharing": "sharingNone",
                            "disk.0.eagerly_scrub": "false",
                            "disk.0.io_limit": "-1",
                            "disk.0.io_reservation": "0",
                            "disk.0.io_share_count": "1000",
                            "disk.0.io_share_level": "normal",
                            "disk.0.keep_on_remove": "false",
                            "disk.0.key": "2000",
                            "disk.0.label": "disk0",
                            "disk.0.name": "",
                            "disk.0.path": "worker-03.cennsonic-01.tpmd-01.eu.tpip.net/worker-03.cennsonic-01.tpmd-01.eu.tpip.net.vmdk",
                            "disk.0.size": "50",
                            "disk.0.thin_provisioned": "true",
                            "disk.0.unit_number": "0",
                            "disk.0.uuid": "6000C290-fb81-4fdf-cea9-bebd697e8468",
                            "disk.0.write_through": "false",
                            "efi_secure_boot_enabled": "false",
                            "enable_disk_uuid": "false",
                            "enable_logging": "false",
                            "ept_rvi_mode": "automatic",
                            "extra_config.%": "2",
                            "extra_config.guestinfo.coreos.config.data": "ewogICAgImlnbml0aW9uIjogewogICAgICAiY29uZmlnIjoge30sCiAgICAgICJ0aW1lb3V0cyI6IHt9LAogICAgICAidmVyc2lvbiI6ICIyLjEuMCIKICAgIH0sCiAgICAibmV0d29ya2QiOiB7CiAgICAgICJ1bml0cyI6IFsKICAgICAgICB7CiAgICAgICAgICAiY29udGVudHMiOiAiW01hdGNoXVxuTmFtZT1lbnMxOTJcbltOZXR3b3JrXVxuRE5TPTguOC44LjhcbkFkZHJlc3M9MTcyLjIwLjE2LjE0NlxuTmV0bWFzaz0yNFxuR2F0ZXdheT0xNzIuMjAuMTYuMVxuIiwKICAgICAgICAgICJuYW1lIjogIjAwLWVuczE5Mi5uZXR3b3JrIgogICAgICAgIH0KICAgICAgXQogICAgfSwKICAgICJwYXNzd2QiOiB7CiAgICAgICJ1c2VycyI6IFsKICAgICAgICB7CiAgICAgICAgICAibmFtZSI6ICJjb3JlIiwKICAgICAgICAgICJwYXNzd29yZEhhc2giOiAiJDEkNEhlSG1LRUgkdGlSUW5QMTIyUjIyOHRjbUxyaGJRMSIsCiAgICAgICAgICAic3NoQXV0aG9yaXplZEtleXMiOiBbCiAgICAgICAgICAgICJzc2gtcnNhIEFBQUFCM056YUMxeWMyRUFBQUFEQVFBQkFBQUJBUUM3RE1xcUdEVmhQZnRIQm5BUWVXNGpsM21oay9wb1pxYnlKc0h2TlFsVlpDdDh3TkVpQkxZR25WTlk2U0t4MWFJT0ROZE9URW5HVktCbDkzSHg0QWcwdEdUR0NBSGRmMWE3cm5LSUJSZnZJNm42ZWgzdmladmsxdFA1YmZwcHB0bU52YUtWRWNjR2ZvTkVzNXhGeWQ1WHhxaXFzSVFIZEpJa2JEQ1BUS3hHWEUzLzEySWh3VlZSQ2FsMlBCL08rSnRxM0VJTmVwTU93dmNDSU44Yk1VWk1VWUhRYmZCYkNESTM5MFNWdXBBVVJ0MmRQWTlHRDYvamdJbDM2WlFnTXhTQ2lBenJHMkN3YXVaalRheUNZN1lBeUdtdjhPNGxNNHFrd3J5NGtDMHJRSjdwWHIwblR2RnVHcGI5UkZmZjg3UUNjQjFBNGdSUzQ5Qm91a2RkdFdSZiIKICAgICAgICAgIF0KICAgICAgICB9CiAgICAgIF0KICAgIH0sCiAgICAic3RvcmFnZSI6IHsKICAgICAgImZpbGVzIjogWwogICAgICAgIHsKICAgICAgICAgICJmaWxlc3lzdGVtIjogInJvb3QiLAogICAgICAgICAgImdyb3VwIjoge30sCiAgICAgICAgICAicGF0aCI6ICIvZXRjL2hvc3RzIiwKICAgICAgICAgICJ1c2VyIjoge30sCiAgICAgICAgICAiY29udGVudHMiOiB7CiAgICAgICAgICAgICJzb3VyY2UiOiAiZGF0YTp0ZXh0L3BsYWluO2NoYXJzZXQ9dXRmLTg7YmFzZTY0LE1USTNMakF1TUM0eElDQWdJQ0FnYkc5allXeG9iM04wQ2pvNk1TQWdJQ0FnSUNBZ0lDQWdJR3h2WTJGc2FHOXpkQW94TWpjdU1DNHdMakVnSUNBZ0lDQjNiM0pyWlhJdE1ETXVZMlZ1Ym5OdmJtbGpMVEF4TG5Sd2JXUXRNREV1WlhVdWRIQnBjQzV1WlhRS01USTNMakF1TUM0eElDQWdJQ0FnYXpoekxtTmxibTV6YjI1cFl5MHdNUzUwY0cxa0xUQXhMbVYxTG5Sd2FYQXVibVYwQ2c9PSIsCiAgICAgICAgICAgICJ2ZXJpZmljYXRpb24iOiB7fQogICAgICAgICAgfSwKICAgICAgICAgICJtb2RlIjogNDIwCiAgICAgICAgfSwKICAgICAgICB7CiAgICAgICAgICAiZmlsZXN5c3RlbSI6ICJyb290IiwKICAgICAgICAgICJncm91cCI6IHt9LAogICAgICAgICAgInBhdGgiOiAiL2V0Yy9ob3N0bmFtZSIsCiAgICAgICAgICAidXNlciI6IHt9LAogICAgICAgICAgImNvbnRlbnRzIjogewogICAgICAgICAgICAic291cmNlIjogImRhdGE6dGV4dC9wbGFpbjtjaGFyc2V0PXV0Zi04O2Jhc2U2NCxkMjl5YTJWeUxUQXpMbU5sYm01emIyNXBZeTB3TVM1MGNHMWtMVEF4TG1WMUxuUndhWEF1Ym1WMENnPT0iLAogICAgICAgICAgICAidmVyaWZpY2F0aW9uIjoge30KICAgICAgICAgIH0sCiAgICAgICAgICAibW9kZSI6IDQyMAogICAgICAgIH0KICAgICAgXQogICAgfSwKICAgICJzeXN0ZW1kIjoge30KICB9",
                            "extra_config.guestinfo.coreos.config.data.encoding": "base64",
                            "firmware": "bios",
                            "folder": "cennsonic-01.tpmd-01.eu.tpip.net",
                            "force_power_off": "true",
                            "guest_id": "other26xLinux64Guest",
                            "guest_ip_addresses.#": "3",
                            "guest_ip_addresses.0": "172.20.16.146",
                            "guest_ip_addresses.1": "fe80::250:56ff:fe86:c9a",
                            "guest_ip_addresses.2": "2001:470:7720:16:250:56ff:fe86:c9a",
                            "host_system_id": "host-284",
                            "hv_mode": "hvAuto",
                            "id": "42060481-e305-715f-3931-8633372b8efe",
                            "latency_sensitivity": "normal",
                            "memory": "4096",
                            "memory_hot_add_enabled": "false",
                            "memory_limit": "-1",
                            "memory_reservation": "0",
                            "memory_share_count": "40960",
                            "memory_share_level": "normal",
                            "migrate_wait_timeout": "30",
                            "moid": "vm-744",
                            "name": "worker-03.cennsonic-01.tpmd-01.eu.tpip.net",
                            "nested_hv_enabled": "false",
                            "network_interface.#": "1",
                            "network_interface.0.adapter_type": "vmxnet3",
                            "network_interface.0.bandwidth_limit": "-1",
                            "network_interface.0.bandwidth_reservation": "0",
                            "network_interface.0.bandwidth_share_count": "50",
                            "network_interface.0.bandwidth_share_level": "normal",
                            "network_interface.0.device_address": "pci:0:7",
                            "network_interface.0.key": "4000",
                            "network_interface.0.mac_address": "00:50:56:86:0c:9a",
                            "network_interface.0.network_id": "dvportgroup-48",
                            "network_interface.0.use_static_mac": "false",
                            "num_cores_per_socket": "1",
                            "num_cpus": "4",
                            "reboot_required": "false",
                            "resource_pool_id": "resgroup-307",
                            "run_tools_scripts_after_power_on": "true",
                            "run_tools_scripts_after_resume": "true",
                            "run_tools_scripts_before_guest_reboot": "false",
                            "run_tools_scripts_before_guest_shutdown": "true",
                            "run_tools_scripts_before_guest_standby": "true",
                            "scsi_bus_sharing": "noSharing",
                            "scsi_controller_count": "1",
                            "scsi_type": "pvscsi",
                            "shutdown_wait_timeout": "3",
                            "swap_placement_policy": "inherit",
                            "sync_time_with_host": "false",
                            "tags.#": "0",
                            "uuid": "42060481-e305-715f-3931-8633372b8efe",
                            "vapp_transport.#": "0",
                            "vmware_tools_status": "guestToolsRunning",
                            "vmx_path": "worker-03.cennsonic-01.tpmd-01.eu.tpip.net/worker-03.cennsonic-01.tpmd-01.eu.tpip.net.vmx",
                            "wait_for_guest_net_routable": "true",
                            "wait_for_guest_net_timeout": "5"
                        },
                        "meta": {
                            "schema_version": "3"
                        },
                        "tainted": false
                    },
                    "deposed": [],
                    "provider": "provider.vsphere"
                }
            },
            "depends_on": []
        }
    ]
}
